// !$*UTF8*$!
{
	archiveVersion = 1;
	classes = {
	};
	objectVersion = 46;
	objects = {

/* Begin PBXBuildFile section */
		445787FAEEF2D09DAD0A69FF /* libPods-HiPDAUITests.a in Frameworks */ = {isa = PBXBuildFile; fileRef = 4CD915094196749861FDC81C /* libPods-HiPDAUITests.a */; };
		664056C01DF952C1002FC462 /* main.m in Sources */ = {isa = PBXBuildFile; fileRef = 664056BF1DF952C1002FC462 /* main.m */; };
		664056C31DF952C1002FC462 /* AppDelegate.m in Sources */ = {isa = PBXBuildFile; fileRef = 664056C21DF952C1002FC462 /* AppDelegate.m */; };
		664056C61DF952C1002FC462 /* ViewController.m in Sources */ = {isa = PBXBuildFile; fileRef = 664056C51DF952C1002FC462 /* ViewController.m */; };
		664056CB1DF952C1002FC462 /* Assets.xcassets in Resources */ = {isa = PBXBuildFile; fileRef = 664056CA1DF952C1002FC462 /* Assets.xcassets */; };
		664056CE1DF952C1002FC462 /* LaunchScreen.storyboard in Resources */ = {isa = PBXBuildFile; fileRef = 664056CC1DF952C1002FC462 /* LaunchScreen.storyboard */; };
		664056D91DF952C1002FC462 /* HiPDATests.m in Sources */ = {isa = PBXBuildFile; fileRef = 664056D81DF952C1002FC462 /* HiPDATests.m */; };
		664056E41DF952C1002FC462 /* HiPDAUITests.m in Sources */ = {isa = PBXBuildFile; fileRef = 664056E31DF952C1002FC462 /* HiPDAUITests.m */; };
		664057011DF97053002FC462 /* XEJModel.m in Sources */ = {isa = PBXBuildFile; fileRef = 664057001DF97053002FC462 /* XEJModel.m */; };
		664057051DF970D2002FC462 /* XEJViewModel.m in Sources */ = {isa = PBXBuildFile; fileRef = 664057041DF970D2002FC462 /* XEJViewModel.m */; };
		664057091DF974B1002FC462 /* XEJView.m in Sources */ = {isa = PBXBuildFile; fileRef = 664057081DF974B1002FC462 /* XEJView.m */; };
		6640570D1DF97A12002FC462 /* XEJViewController.m in Sources */ = {isa = PBXBuildFile; fileRef = 6640570C1DF97A12002FC462 /* XEJViewController.m */; };
		6668EA691E2B9B9700B6AF41 /* XEJThreadListViewController.m in Sources */ = {isa = PBXBuildFile; fileRef = 6668EA681E2B9B9700B6AF41 /* XEJThreadListViewController.m */; };
		6668EA6C1E2B9BE600B6AF41 /* XEJThreadListView.m in Sources */ = {isa = PBXBuildFile; fileRef = 6668EA6B1E2B9BE600B6AF41 /* XEJThreadListView.m */; };
		6668EA6F1E2B9C0000B6AF41 /* XEJThreadListViewModel.m in Sources */ = {isa = PBXBuildFile; fileRef = 6668EA6E1E2B9C0000B6AF41 /* XEJThreadListViewModel.m */; };
		6668EA721E2BA1F800B6AF41 /* XEJTableView.m in Sources */ = {isa = PBXBuildFile; fileRef = 6668EA711E2BA1F800B6AF41 /* XEJTableView.m */; };
		6668EA751E2BA30200B6AF41 /* XEJTableViewCell.m in Sources */ = {isa = PBXBuildFile; fileRef = 6668EA741E2BA30200B6AF41 /* XEJTableViewCell.m */; };
		6668EA791E2BA52600B6AF41 /* XEJThreadListCell.m in Sources */ = {isa = PBXBuildFile; fileRef = 6668EA781E2BA52600B6AF41 /* XEJThreadListCell.m */; };
		6668EA7C1E2BA72900B6AF41 /* XEJThreadListCellViewModel.m in Sources */ = {isa = PBXBuildFile; fileRef = 6668EA7B1E2BA72900B6AF41 /* XEJThreadListCellViewModel.m */; };
		6668EA811E2BB72E00B6AF41 /* XEJNetworkManager.m in Sources */ = {isa = PBXBuildFile; fileRef = 6668EA801E2BB72E00B6AF41 /* XEJNetworkManager.m */; };
		669DFC081E41BA210000D3FD /* XEJFloorView.m in Sources */ = {isa = PBXBuildFile; fileRef = 669DFC071E41BA210000D3FD /* XEJFloorView.m */; };
		669DFC0B1E41BA3F0000D3FD /* XEJFloorViewModel.m in Sources */ = {isa = PBXBuildFile; fileRef = 669DFC0A1E41BA3F0000D3FD /* XEJFloorViewModel.m */; };
		669DFC141E42E20E0000D3FD /* XEJObjectViewModel.m in Sources */ = {isa = PBXBuildFile; fileRef = 669DFC131E42E20E0000D3FD /* XEJObjectViewModel.m */; };
		66A6AD4A1E3236FE0019D536 /* XEJThreadListViewModelSpec.m in Sources */ = {isa = PBXBuildFile; fileRef = 66A6AD491E3236FE0019D536 /* XEJThreadListViewModelSpec.m */; };
		66A6AD4D1E345CC10019D536 /* XEJAvatarView.m in Sources */ = {isa = PBXBuildFile; fileRef = 66A6AD4C1E345CC10019D536 /* XEJAvatarView.m */; };
		66A6AD501E345CF00019D536 /* XEJAvatarViewModel.m in Sources */ = {isa = PBXBuildFile; fileRef = 66A6AD4F1E345CF00019D536 /* XEJAvatarViewModel.m */; };
		66A6AD531E34A3D40019D536 /* XEJThreadViewController.m in Sources */ = {isa = PBXBuildFile; fileRef = 66A6AD521E34A3D40019D536 /* XEJThreadViewController.m */; };
		66A6AD561E34A3FB0019D536 /* XEJThreadViewModel.m in Sources */ = {isa = PBXBuildFile; fileRef = 66A6AD551E34A3FB0019D536 /* XEJThreadViewModel.m */; };
		66A6AD591E34A4290019D536 /* XEJThreadCell.m in Sources */ = {isa = PBXBuildFile; fileRef = 66A6AD581E34A4290019D536 /* XEJThreadCell.m */; };
		66A6AD5C1E34A8570019D536 /* XEJThreadView.m in Sources */ = {isa = PBXBuildFile; fileRef = 66A6AD5B1E34A8570019D536 /* XEJThreadView.m */; };
		66A6AD5F1E34A8D70019D536 /* XEJThreadCellViewModel.m in Sources */ = {isa = PBXBuildFile; fileRef = 66A6AD5E1E34A8D70019D536 /* XEJThreadCellViewModel.m */; };
		66A6AD621E34B9E10019D536 /* XEJQuoteObjectView.m in Sources */ = {isa = PBXBuildFile; fileRef = 66A6AD611E34B9E10019D536 /* XEJQuoteObjectView.m */; };
		66A6AD681E3606480019D536 /* XEJForum.m in Sources */ = {isa = PBXBuildFile; fileRef = 66A6AD671E3606480019D536 /* XEJForum.m */; };
		66A6AD6B1E3606CE0019D536 /* XEJThread.m in Sources */ = {isa = PBXBuildFile; fileRef = 66A6AD6A1E3606CE0019D536 /* XEJThread.m */; };
		66A6AD6E1E36073D0019D536 /* XEJUser.m in Sources */ = {isa = PBXBuildFile; fileRef = 66A6AD6D1E36073D0019D536 /* XEJUser.m */; };
		66A8DFDC1E446EAA000BE2C5 /* XEJPollObjectView.m in Sources */ = {isa = PBXBuildFile; fileRef = 66A8DFDB1E446EAA000BE2C5 /* XEJPollObjectView.m */; };
		66A8DFDF1E446ECC000BE2C5 /* XEJPostStatusObjectView.m in Sources */ = {isa = PBXBuildFile; fileRef = 66A8DFDE1E446ECC000BE2C5 /* XEJPostStatusObjectView.m */; };
		66A8DFE21E446EF2000BE2C5 /* XEJPollObjectViewModel.m in Sources */ = {isa = PBXBuildFile; fileRef = 66A8DFE11E446EF2000BE2C5 /* XEJPollObjectViewModel.m */; };
		66A8DFE51E446EFF000BE2C5 /* XEJPostStatusObjectViewModel.m in Sources */ = {isa = PBXBuildFile; fileRef = 66A8DFE41E446EFF000BE2C5 /* XEJPostStatusObjectViewModel.m */; };
		66A8DFE91E4486E1000BE2C5 /* XEJPostStatus.m in Sources */ = {isa = PBXBuildFile; fileRef = 66A8DFE81E4486E1000BE2C5 /* XEJPostStatus.m */; };
		66A8DFF01E448D85000BE2C5 /* XEJLocked.m in Sources */ = {isa = PBXBuildFile; fileRef = 66A8DFEF1E448D85000BE2C5 /* XEJLocked.m */; };
		66A8DFF31E45B181000BE2C5 /* XEJReplyObjectView.m in Sources */ = {isa = PBXBuildFile; fileRef = 66A8DFF21E45B181000BE2C5 /* XEJReplyObjectView.m */; };
		66A8DFF61E45B3E8000BE2C5 /* XEJReplyObjectViewModel.m in Sources */ = {isa = PBXBuildFile; fileRef = 66A8DFF51E45B3E8000BE2C5 /* XEJReplyObjectViewModel.m */; };
		66A8DFF91E45B82B000BE2C5 /* XEJReply.m in Sources */ = {isa = PBXBuildFile; fileRef = 66A8DFF81E45B82B000BE2C5 /* XEJReply.m */; };
		66A8DFFC1E46E158000BE2C5 /* XEJQuoteObjectViewModel.m in Sources */ = {isa = PBXBuildFile; fileRef = 66A8DFFB1E46E158000BE2C5 /* XEJQuoteObjectViewModel.m */; };
		66A8E0071E4880C3000BE2C5 /* XEJNavigationControllerStackManager.m in Sources */ = {isa = PBXBuildFile; fileRef = 66A8E0061E4880C3000BE2C5 /* XEJNavigationControllerStackManager.m */; };
		66A8E00A1E48823B000BE2C5 /* XEJNavigationController.m in Sources */ = {isa = PBXBuildFile; fileRef = 66A8E0091E48823B000BE2C5 /* XEJNavigationController.m */; };
		66AF7EF41E3E384000F46B61 /* XEJPost.m in Sources */ = {isa = PBXBuildFile; fileRef = 66AF7EF31E3E384000F46B61 /* XEJPost.m */; };
		66AF7EF71E40D87C00F46B61 /* XEJLockedObjectView.m in Sources */ = {isa = PBXBuildFile; fileRef = 66AF7EF61E40D87C00F46B61 /* XEJLockedObjectView.m */; };
		66AF7EFA1E40D8A100F46B61 /* XEJLockedObjectViewModel.m in Sources */ = {isa = PBXBuildFile; fileRef = 66AF7EF91E40D8A100F46B61 /* XEJLockedObjectViewModel.m */; };
		66FEE3041E38AC0B00C25FBB /* XEJThreadContentTextView.m in Sources */ = {isa = PBXBuildFile; fileRef = 66FEE3031E38AC0B00C25FBB /* XEJThreadContentTextView.m */; };
		66FEE3071E38AC1F00C25FBB /* XEJThreadContentImageView.m in Sources */ = {isa = PBXBuildFile; fileRef = 66FEE3061E38AC1F00C25FBB /* XEJThreadContentImageView.m */; };
		66FEE30A1E38AC3000C25FBB /* XEJThreadContentAttachmentView.m in Sources */ = {isa = PBXBuildFile; fileRef = 66FEE3091E38AC3000C25FBB /* XEJThreadContentAttachmentView.m */; };
		66FEE30D1E38B08F00C25FBB /* XEJThreadContentTextViewModel.m in Sources */ = {isa = PBXBuildFile; fileRef = 66FEE30C1E38B08F00C25FBB /* XEJThreadContentTextViewModel.m */; };
		66FEE3101E38B0A800C25FBB /* XEJThreadContentImageViewModel.m in Sources */ = {isa = PBXBuildFile; fileRef = 66FEE30F1E38B0A800C25FBB /* XEJThreadContentImageViewModel.m */; };
		66FEE3131E38B0D200C25FBB /* XEJThreadContentAttachmentViewModel.m in Sources */ = {isa = PBXBuildFile; fileRef = 66FEE3121E38B0D200C25FBB /* XEJThreadContentAttachmentViewModel.m */; };
		66FEE31C1E39DE1600C25FBB /* XEJUtility.m in Sources */ = {isa = PBXBuildFile; fileRef = 66FEE31B1E39DE1600C25FBB /* XEJUtility.m */; };
		66FEE31F1E39E0D000C25FBB /* XEJDateFormatter.m in Sources */ = {isa = PBXBuildFile; fileRef = 66FEE31E1E39E0D000C25FBB /* XEJDateFormatter.m */; };
		9BC0FC8654F480580BF7327F /* libPods-HiPDATests.a in Frameworks */ = {isa = PBXBuildFile; fileRef = 6AEE8E71AFB9903BBAA91421 /* libPods-HiPDATests.a */; };
		E3C1CB135FFCB84CD839E73D /* libPods-HiPDA.a in Frameworks */ = {isa = PBXBuildFile; fileRef = 3ABCF2BFDA61507CBA1952EE /* libPods-HiPDA.a */; };
/* End PBXBuildFile section */

/* Begin PBXContainerItemProxy section */
		664056D51DF952C1002FC462 /* PBXContainerItemProxy */ = {
			isa = PBXContainerItemProxy;
			containerPortal = 664056B31DF952C1002FC462 /* Project object */;
			proxyType = 1;
			remoteGlobalIDString = 664056BA1DF952C1002FC462;
			remoteInfo = HiPDA;
		};
		664056E01DF952C1002FC462 /* PBXContainerItemProxy */ = {
			isa = PBXContainerItemProxy;
			containerPortal = 664056B31DF952C1002FC462 /* Project object */;
			proxyType = 1;
			remoteGlobalIDString = 664056BA1DF952C1002FC462;
			remoteInfo = HiPDA;
		};
/* End PBXContainerItemProxy section */

/* Begin PBXFileReference section */
		1B1C3693FCBAB8FC425FA67E /* Pods-HiPDATests.debug.xcconfig */ = {isa = PBXFileReference; includeInIndex = 1; lastKnownFileType = text.xcconfig; name = "Pods-HiPDATests.debug.xcconfig"; path = "Pods/Target Support Files/Pods-HiPDATests/Pods-HiPDATests.debug.xcconfig"; sourceTree = "<group>"; };
		1D66E40ED3BF18EB7ADE5DC4 /* Pods-HiPDAUITests.debug.xcconfig */ = {isa = PBXFileReference; includeInIndex = 1; lastKnownFileType = text.xcconfig; name = "Pods-HiPDAUITests.debug.xcconfig"; path = "Pods/Target Support Files/Pods-HiPDAUITests/Pods-HiPDAUITests.debug.xcconfig"; sourceTree = "<group>"; };
		3ABCF2BFDA61507CBA1952EE /* libPods-HiPDA.a */ = {isa = PBXFileReference; explicitFileType = archive.ar; includeInIndex = 0; path = "libPods-HiPDA.a"; sourceTree = BUILT_PRODUCTS_DIR; };
		4CD915094196749861FDC81C /* libPods-HiPDAUITests.a */ = {isa = PBXFileReference; explicitFileType = archive.ar; includeInIndex = 0; path = "libPods-HiPDAUITests.a"; sourceTree = BUILT_PRODUCTS_DIR; };
		62B76495F25C417DB891E8E1 /* Pods-HiPDA.release.xcconfig */ = {isa = PBXFileReference; includeInIndex = 1; lastKnownFileType = text.xcconfig; name = "Pods-HiPDA.release.xcconfig"; path = "Pods/Target Support Files/Pods-HiPDA/Pods-HiPDA.release.xcconfig"; sourceTree = "<group>"; };
		664056BB1DF952C1002FC462 /* HiPDA.app */ = {isa = PBXFileReference; explicitFileType = wrapper.application; includeInIndex = 0; path = HiPDA.app; sourceTree = BUILT_PRODUCTS_DIR; };
		664056BF1DF952C1002FC462 /* main.m */ = {isa = PBXFileReference; lastKnownFileType = sourcecode.c.objc; path = main.m; sourceTree = "<group>"; };
		664056C11DF952C1002FC462 /* AppDelegate.h */ = {isa = PBXFileReference; lastKnownFileType = sourcecode.c.h; path = AppDelegate.h; sourceTree = "<group>"; };
		664056C21DF952C1002FC462 /* AppDelegate.m */ = {isa = PBXFileReference; lastKnownFileType = sourcecode.c.objc; path = AppDelegate.m; sourceTree = "<group>"; };
		664056C41DF952C1002FC462 /* ViewController.h */ = {isa = PBXFileReference; lastKnownFileType = sourcecode.c.h; path = ViewController.h; sourceTree = "<group>"; };
		664056C51DF952C1002FC462 /* ViewController.m */ = {isa = PBXFileReference; lastKnownFileType = sourcecode.c.objc; path = ViewController.m; sourceTree = "<group>"; };
		664056CA1DF952C1002FC462 /* Assets.xcassets */ = {isa = PBXFileReference; lastKnownFileType = folder.assetcatalog; path = Assets.xcassets; sourceTree = "<group>"; };
		664056CD1DF952C1002FC462 /* Base */ = {isa = PBXFileReference; lastKnownFileType = file.storyboard; name = Base; path = Base.lproj/LaunchScreen.storyboard; sourceTree = "<group>"; };
		664056CF1DF952C1002FC462 /* Info.plist */ = {isa = PBXFileReference; lastKnownFileType = text.plist.xml; path = Info.plist; sourceTree = "<group>"; };
		664056D41DF952C1002FC462 /* HiPDATests.xctest */ = {isa = PBXFileReference; explicitFileType = wrapper.cfbundle; includeInIndex = 0; path = HiPDATests.xctest; sourceTree = BUILT_PRODUCTS_DIR; };
		664056D81DF952C1002FC462 /* HiPDATests.m */ = {isa = PBXFileReference; lastKnownFileType = sourcecode.c.objc; path = HiPDATests.m; sourceTree = "<group>"; };
		664056DA1DF952C1002FC462 /* Info.plist */ = {isa = PBXFileReference; lastKnownFileType = text.plist.xml; path = Info.plist; sourceTree = "<group>"; };
		664056DF1DF952C1002FC462 /* HiPDAUITests.xctest */ = {isa = PBXFileReference; explicitFileType = wrapper.cfbundle; includeInIndex = 0; path = HiPDAUITests.xctest; sourceTree = BUILT_PRODUCTS_DIR; };
		664056E31DF952C1002FC462 /* HiPDAUITests.m */ = {isa = PBXFileReference; lastKnownFileType = sourcecode.c.objc; path = HiPDAUITests.m; sourceTree = "<group>"; };
		664056E51DF952C1002FC462 /* Info.plist */ = {isa = PBXFileReference; lastKnownFileType = text.plist.xml; path = Info.plist; sourceTree = "<group>"; };
		664056F11DF955A4002FC462 /* HP-Prefix.pch */ = {isa = PBXFileReference; lastKnownFileType = sourcecode.c.h; path = "HP-Prefix.pch"; sourceTree = "<group>"; };
		664056FE1DF97025002FC462 /* XEJModelProtocol.h */ = {isa = PBXFileReference; fileEncoding = 4; lastKnownFileType = sourcecode.c.h; path = XEJModelProtocol.h; sourceTree = "<group>"; };
		664056FF1DF97053002FC462 /* XEJModel.h */ = {isa = PBXFileReference; fileEncoding = 4; lastKnownFileType = sourcecode.c.h; path = XEJModel.h; sourceTree = "<group>"; };
		664057001DF97053002FC462 /* XEJModel.m */ = {isa = PBXFileReference; fileEncoding = 4; lastKnownFileType = sourcecode.c.objc; path = XEJModel.m; sourceTree = "<group>"; };
		664057021DF970C0002FC462 /* XEJViewModelProtocol.h */ = {isa = PBXFileReference; fileEncoding = 4; lastKnownFileType = sourcecode.c.h; path = XEJViewModelProtocol.h; sourceTree = "<group>"; };
		664057031DF970D2002FC462 /* XEJViewModel.h */ = {isa = PBXFileReference; fileEncoding = 4; lastKnownFileType = sourcecode.c.h; path = XEJViewModel.h; sourceTree = "<group>"; };
		664057041DF970D2002FC462 /* XEJViewModel.m */ = {isa = PBXFileReference; fileEncoding = 4; lastKnownFileType = sourcecode.c.objc; path = XEJViewModel.m; sourceTree = "<group>"; };
		664057061DF973DD002FC462 /* XEJViewProtocol.h */ = {isa = PBXFileReference; fileEncoding = 4; lastKnownFileType = sourcecode.c.h; path = XEJViewProtocol.h; sourceTree = "<group>"; };
		664057071DF974B1002FC462 /* XEJView.h */ = {isa = PBXFileReference; fileEncoding = 4; lastKnownFileType = sourcecode.c.h; path = XEJView.h; sourceTree = "<group>"; };
		664057081DF974B1002FC462 /* XEJView.m */ = {isa = PBXFileReference; fileEncoding = 4; lastKnownFileType = sourcecode.c.objc; path = XEJView.m; sourceTree = "<group>"; };
		6640570A1DF9788F002FC462 /* XEJViewControllerProtocol.h */ = {isa = PBXFileReference; fileEncoding = 4; lastKnownFileType = sourcecode.c.h; path = XEJViewControllerProtocol.h; sourceTree = "<group>"; };
		6640570B1DF97A12002FC462 /* XEJViewController.h */ = {isa = PBXFileReference; fileEncoding = 4; lastKnownFileType = sourcecode.c.h; path = XEJViewController.h; sourceTree = "<group>"; };
		6640570C1DF97A12002FC462 /* XEJViewController.m */ = {isa = PBXFileReference; fileEncoding = 4; lastKnownFileType = sourcecode.c.objc; path = XEJViewController.m; sourceTree = "<group>"; };
		6668EA671E2B9B9700B6AF41 /* XEJThreadListViewController.h */ = {isa = PBXFileReference; fileEncoding = 4; lastKnownFileType = sourcecode.c.h; path = XEJThreadListViewController.h; sourceTree = "<group>"; };
		6668EA681E2B9B9700B6AF41 /* XEJThreadListViewController.m */ = {isa = PBXFileReference; fileEncoding = 4; lastKnownFileType = sourcecode.c.objc; path = XEJThreadListViewController.m; sourceTree = "<group>"; };
		6668EA6A1E2B9BE600B6AF41 /* XEJThreadListView.h */ = {isa = PBXFileReference; fileEncoding = 4; lastKnownFileType = sourcecode.c.h; path = XEJThreadListView.h; sourceTree = "<group>"; };
		6668EA6B1E2B9BE600B6AF41 /* XEJThreadListView.m */ = {isa = PBXFileReference; fileEncoding = 4; lastKnownFileType = sourcecode.c.objc; path = XEJThreadListView.m; sourceTree = "<group>"; };
		6668EA6D1E2B9C0000B6AF41 /* XEJThreadListViewModel.h */ = {isa = PBXFileReference; fileEncoding = 4; lastKnownFileType = sourcecode.c.h; path = XEJThreadListViewModel.h; sourceTree = "<group>"; };
		6668EA6E1E2B9C0000B6AF41 /* XEJThreadListViewModel.m */ = {isa = PBXFileReference; fileEncoding = 4; lastKnownFileType = sourcecode.c.objc; path = XEJThreadListViewModel.m; sourceTree = "<group>"; };
		6668EA701E2BA1F800B6AF41 /* XEJTableView.h */ = {isa = PBXFileReference; fileEncoding = 4; lastKnownFileType = sourcecode.c.h; path = XEJTableView.h; sourceTree = "<group>"; };
		6668EA711E2BA1F800B6AF41 /* XEJTableView.m */ = {isa = PBXFileReference; fileEncoding = 4; lastKnownFileType = sourcecode.c.objc; path = XEJTableView.m; sourceTree = "<group>"; };
		6668EA731E2BA30200B6AF41 /* XEJTableViewCell.h */ = {isa = PBXFileReference; fileEncoding = 4; lastKnownFileType = sourcecode.c.h; path = XEJTableViewCell.h; sourceTree = "<group>"; };
		6668EA741E2BA30200B6AF41 /* XEJTableViewCell.m */ = {isa = PBXFileReference; fileEncoding = 4; lastKnownFileType = sourcecode.c.objc; path = XEJTableViewCell.m; sourceTree = "<group>"; };
		6668EA771E2BA52600B6AF41 /* XEJThreadListCell.h */ = {isa = PBXFileReference; fileEncoding = 4; lastKnownFileType = sourcecode.c.h; path = XEJThreadListCell.h; sourceTree = "<group>"; };
		6668EA781E2BA52600B6AF41 /* XEJThreadListCell.m */ = {isa = PBXFileReference; fileEncoding = 4; lastKnownFileType = sourcecode.c.objc; path = XEJThreadListCell.m; sourceTree = "<group>"; };
		6668EA7A1E2BA72900B6AF41 /* XEJThreadListCellViewModel.h */ = {isa = PBXFileReference; fileEncoding = 4; lastKnownFileType = sourcecode.c.h; path = XEJThreadListCellViewModel.h; sourceTree = "<group>"; };
		6668EA7B1E2BA72900B6AF41 /* XEJThreadListCellViewModel.m */ = {isa = PBXFileReference; fileEncoding = 4; lastKnownFileType = sourcecode.c.objc; path = XEJThreadListCellViewModel.m; sourceTree = "<group>"; };
		6668EA7E1E2BAC2500B6AF41 /* XEJTableViewCellProtocol.h */ = {isa = PBXFileReference; fileEncoding = 4; lastKnownFileType = sourcecode.c.h; path = XEJTableViewCellProtocol.h; sourceTree = "<group>"; };
		6668EA7F1E2BB72E00B6AF41 /* XEJNetworkManager.h */ = {isa = PBXFileReference; fileEncoding = 4; lastKnownFileType = sourcecode.c.h; path = XEJNetworkManager.h; sourceTree = "<group>"; };
		6668EA801E2BB72E00B6AF41 /* XEJNetworkManager.m */ = {isa = PBXFileReference; fileEncoding = 4; lastKnownFileType = sourcecode.c.objc; path = XEJNetworkManager.m; sourceTree = "<group>"; };
		669DFC061E41BA210000D3FD /* XEJFloorView.h */ = {isa = PBXFileReference; fileEncoding = 4; lastKnownFileType = sourcecode.c.h; path = XEJFloorView.h; sourceTree = "<group>"; };
		669DFC071E41BA210000D3FD /* XEJFloorView.m */ = {isa = PBXFileReference; fileEncoding = 4; lastKnownFileType = sourcecode.c.objc; path = XEJFloorView.m; sourceTree = "<group>"; };
		669DFC091E41BA3F0000D3FD /* XEJFloorViewModel.h */ = {isa = PBXFileReference; fileEncoding = 4; lastKnownFileType = sourcecode.c.h; path = XEJFloorViewModel.h; sourceTree = "<group>"; };
		669DFC0A1E41BA3F0000D3FD /* XEJFloorViewModel.m */ = {isa = PBXFileReference; fileEncoding = 4; lastKnownFileType = sourcecode.c.objc; path = XEJFloorViewModel.m; sourceTree = "<group>"; };
		669DFC121E42E20E0000D3FD /* XEJObjectViewModel.h */ = {isa = PBXFileReference; fileEncoding = 4; lastKnownFileType = sourcecode.c.h; path = XEJObjectViewModel.h; sourceTree = "<group>"; };
		669DFC131E42E20E0000D3FD /* XEJObjectViewModel.m */ = {isa = PBXFileReference; fileEncoding = 4; lastKnownFileType = sourcecode.c.objc; path = XEJObjectViewModel.m; sourceTree = "<group>"; };
		66A6AD491E3236FE0019D536 /* XEJThreadListViewModelSpec.m */ = {isa = PBXFileReference; fileEncoding = 4; lastKnownFileType = sourcecode.c.objc; path = XEJThreadListViewModelSpec.m; sourceTree = "<group>"; };
		66A6AD4B1E345CC10019D536 /* XEJAvatarView.h */ = {isa = PBXFileReference; fileEncoding = 4; lastKnownFileType = sourcecode.c.h; path = XEJAvatarView.h; sourceTree = "<group>"; };
		66A6AD4C1E345CC10019D536 /* XEJAvatarView.m */ = {isa = PBXFileReference; fileEncoding = 4; lastKnownFileType = sourcecode.c.objc; path = XEJAvatarView.m; sourceTree = "<group>"; };
		66A6AD4E1E345CF00019D536 /* XEJAvatarViewModel.h */ = {isa = PBXFileReference; fileEncoding = 4; lastKnownFileType = sourcecode.c.h; path = XEJAvatarViewModel.h; sourceTree = "<group>"; };
		66A6AD4F1E345CF00019D536 /* XEJAvatarViewModel.m */ = {isa = PBXFileReference; fileEncoding = 4; lastKnownFileType = sourcecode.c.objc; path = XEJAvatarViewModel.m; sourceTree = "<group>"; };
		66A6AD511E34A3D40019D536 /* XEJThreadViewController.h */ = {isa = PBXFileReference; fileEncoding = 4; lastKnownFileType = sourcecode.c.h; path = XEJThreadViewController.h; sourceTree = "<group>"; };
		66A6AD521E34A3D40019D536 /* XEJThreadViewController.m */ = {isa = PBXFileReference; fileEncoding = 4; lastKnownFileType = sourcecode.c.objc; path = XEJThreadViewController.m; sourceTree = "<group>"; };
		66A6AD541E34A3FB0019D536 /* XEJThreadViewModel.h */ = {isa = PBXFileReference; fileEncoding = 4; lastKnownFileType = sourcecode.c.h; path = XEJThreadViewModel.h; sourceTree = "<group>"; };
		66A6AD551E34A3FB0019D536 /* XEJThreadViewModel.m */ = {isa = PBXFileReference; fileEncoding = 4; lastKnownFileType = sourcecode.c.objc; path = XEJThreadViewModel.m; sourceTree = "<group>"; };
		66A6AD571E34A4290019D536 /* XEJThreadCell.h */ = {isa = PBXFileReference; fileEncoding = 4; lastKnownFileType = sourcecode.c.h; path = XEJThreadCell.h; sourceTree = "<group>"; };
		66A6AD581E34A4290019D536 /* XEJThreadCell.m */ = {isa = PBXFileReference; fileEncoding = 4; lastKnownFileType = sourcecode.c.objc; path = XEJThreadCell.m; sourceTree = "<group>"; };
		66A6AD5A1E34A8570019D536 /* XEJThreadView.h */ = {isa = PBXFileReference; fileEncoding = 4; lastKnownFileType = sourcecode.c.h; path = XEJThreadView.h; sourceTree = "<group>"; };
		66A6AD5B1E34A8570019D536 /* XEJThreadView.m */ = {isa = PBXFileReference; fileEncoding = 4; lastKnownFileType = sourcecode.c.objc; path = XEJThreadView.m; sourceTree = "<group>"; };
		66A6AD5D1E34A8D70019D536 /* XEJThreadCellViewModel.h */ = {isa = PBXFileReference; fileEncoding = 4; lastKnownFileType = sourcecode.c.h; path = XEJThreadCellViewModel.h; sourceTree = "<group>"; };
		66A6AD5E1E34A8D70019D536 /* XEJThreadCellViewModel.m */ = {isa = PBXFileReference; fileEncoding = 4; lastKnownFileType = sourcecode.c.objc; path = XEJThreadCellViewModel.m; sourceTree = "<group>"; };
		66A6AD601E34B9E10019D536 /* XEJQuoteObjectView.h */ = {isa = PBXFileReference; fileEncoding = 4; lastKnownFileType = sourcecode.c.h; path = XEJQuoteObjectView.h; sourceTree = "<group>"; };
		66A6AD611E34B9E10019D536 /* XEJQuoteObjectView.m */ = {isa = PBXFileReference; fileEncoding = 4; lastKnownFileType = sourcecode.c.objc; path = XEJQuoteObjectView.m; sourceTree = "<group>"; };
		66A6AD661E3606480019D536 /* XEJForum.h */ = {isa = PBXFileReference; fileEncoding = 4; lastKnownFileType = sourcecode.c.h; path = XEJForum.h; sourceTree = "<group>"; };
		66A6AD671E3606480019D536 /* XEJForum.m */ = {isa = PBXFileReference; fileEncoding = 4; lastKnownFileType = sourcecode.c.objc; path = XEJForum.m; sourceTree = "<group>"; };
		66A6AD691E3606CE0019D536 /* XEJThread.h */ = {isa = PBXFileReference; fileEncoding = 4; lastKnownFileType = sourcecode.c.h; path = XEJThread.h; sourceTree = "<group>"; };
		66A6AD6A1E3606CE0019D536 /* XEJThread.m */ = {isa = PBXFileReference; fileEncoding = 4; lastKnownFileType = sourcecode.c.objc; path = XEJThread.m; sourceTree = "<group>"; };
		66A6AD6C1E36073D0019D536 /* XEJUser.h */ = {isa = PBXFileReference; fileEncoding = 4; lastKnownFileType = sourcecode.c.h; path = XEJUser.h; sourceTree = "<group>"; };
		66A6AD6D1E36073D0019D536 /* XEJUser.m */ = {isa = PBXFileReference; fileEncoding = 4; lastKnownFileType = sourcecode.c.objc; path = XEJUser.m; sourceTree = "<group>"; };
		66A8DFDA1E446EAA000BE2C5 /* XEJPollObjectView.h */ = {isa = PBXFileReference; fileEncoding = 4; lastKnownFileType = sourcecode.c.h; path = XEJPollObjectView.h; sourceTree = "<group>"; };
		66A8DFDB1E446EAA000BE2C5 /* XEJPollObjectView.m */ = {isa = PBXFileReference; fileEncoding = 4; lastKnownFileType = sourcecode.c.objc; path = XEJPollObjectView.m; sourceTree = "<group>"; };
		66A8DFDD1E446ECC000BE2C5 /* XEJPostStatusObjectView.h */ = {isa = PBXFileReference; fileEncoding = 4; lastKnownFileType = sourcecode.c.h; path = XEJPostStatusObjectView.h; sourceTree = "<group>"; };
		66A8DFDE1E446ECC000BE2C5 /* XEJPostStatusObjectView.m */ = {isa = PBXFileReference; fileEncoding = 4; lastKnownFileType = sourcecode.c.objc; path = XEJPostStatusObjectView.m; sourceTree = "<group>"; };
		66A8DFE01E446EF2000BE2C5 /* XEJPollObjectViewModel.h */ = {isa = PBXFileReference; fileEncoding = 4; lastKnownFileType = sourcecode.c.h; path = XEJPollObjectViewModel.h; sourceTree = "<group>"; };
		66A8DFE11E446EF2000BE2C5 /* XEJPollObjectViewModel.m */ = {isa = PBXFileReference; fileEncoding = 4; lastKnownFileType = sourcecode.c.objc; path = XEJPollObjectViewModel.m; sourceTree = "<group>"; };
		66A8DFE31E446EFF000BE2C5 /* XEJPostStatusObjectViewModel.h */ = {isa = PBXFileReference; fileEncoding = 4; lastKnownFileType = sourcecode.c.h; path = XEJPostStatusObjectViewModel.h; sourceTree = "<group>"; };
		66A8DFE41E446EFF000BE2C5 /* XEJPostStatusObjectViewModel.m */ = {isa = PBXFileReference; fileEncoding = 4; lastKnownFileType = sourcecode.c.objc; path = XEJPostStatusObjectViewModel.m; sourceTree = "<group>"; };
		66A8DFE61E448507000BE2C5 /* XEJObjectViewModelProtocol.h */ = {isa = PBXFileReference; fileEncoding = 4; lastKnownFileType = sourcecode.c.h; path = XEJObjectViewModelProtocol.h; sourceTree = "<group>"; };
		66A8DFE71E4486E1000BE2C5 /* XEJPostStatus.h */ = {isa = PBXFileReference; fileEncoding = 4; lastKnownFileType = sourcecode.c.h; path = XEJPostStatus.h; sourceTree = "<group>"; };
		66A8DFE81E4486E1000BE2C5 /* XEJPostStatus.m */ = {isa = PBXFileReference; fileEncoding = 4; lastKnownFileType = sourcecode.c.objc; path = XEJPostStatus.m; sourceTree = "<group>"; };
		66A8DFEE1E448D85000BE2C5 /* XEJLocked.h */ = {isa = PBXFileReference; fileEncoding = 4; lastKnownFileType = sourcecode.c.h; path = XEJLocked.h; sourceTree = "<group>"; };
		66A8DFEF1E448D85000BE2C5 /* XEJLocked.m */ = {isa = PBXFileReference; fileEncoding = 4; lastKnownFileType = sourcecode.c.objc; path = XEJLocked.m; sourceTree = "<group>"; };
		66A8DFF11E45B181000BE2C5 /* XEJReplyObjectView.h */ = {isa = PBXFileReference; fileEncoding = 4; lastKnownFileType = sourcecode.c.h; path = XEJReplyObjectView.h; sourceTree = "<group>"; };
		66A8DFF21E45B181000BE2C5 /* XEJReplyObjectView.m */ = {isa = PBXFileReference; fileEncoding = 4; lastKnownFileType = sourcecode.c.objc; path = XEJReplyObjectView.m; sourceTree = "<group>"; };
		66A8DFF41E45B3E8000BE2C5 /* XEJReplyObjectViewModel.h */ = {isa = PBXFileReference; fileEncoding = 4; lastKnownFileType = sourcecode.c.h; path = XEJReplyObjectViewModel.h; sourceTree = "<group>"; };
		66A8DFF51E45B3E8000BE2C5 /* XEJReplyObjectViewModel.m */ = {isa = PBXFileReference; fileEncoding = 4; lastKnownFileType = sourcecode.c.objc; path = XEJReplyObjectViewModel.m; sourceTree = "<group>"; };
		66A8DFF71E45B82B000BE2C5 /* XEJReply.h */ = {isa = PBXFileReference; fileEncoding = 4; lastKnownFileType = sourcecode.c.h; path = XEJReply.h; sourceTree = "<group>"; };
		66A8DFF81E45B82B000BE2C5 /* XEJReply.m */ = {isa = PBXFileReference; fileEncoding = 4; lastKnownFileType = sourcecode.c.objc; path = XEJReply.m; sourceTree = "<group>"; };
		66A8DFFA1E46E158000BE2C5 /* XEJQuoteObjectViewModel.h */ = {isa = PBXFileReference; fileEncoding = 4; lastKnownFileType = sourcecode.c.h; path = XEJQuoteObjectViewModel.h; sourceTree = "<group>"; };
		66A8DFFB1E46E158000BE2C5 /* XEJQuoteObjectViewModel.m */ = {isa = PBXFileReference; fileEncoding = 4; lastKnownFileType = sourcecode.c.objc; path = XEJQuoteObjectViewModel.m; sourceTree = "<group>"; };
		66A8E0051E4880C3000BE2C5 /* XEJNavigationControllerStackManager.h */ = {isa = PBXFileReference; fileEncoding = 4; lastKnownFileType = sourcecode.c.h; path = XEJNavigationControllerStackManager.h; sourceTree = "<group>"; };
		66A8E0061E4880C3000BE2C5 /* XEJNavigationControllerStackManager.m */ = {isa = PBXFileReference; fileEncoding = 4; lastKnownFileType = sourcecode.c.objc; path = XEJNavigationControllerStackManager.m; sourceTree = "<group>"; };
		66A8E0081E48823B000BE2C5 /* XEJNavigationController.h */ = {isa = PBXFileReference; fileEncoding = 4; lastKnownFileType = sourcecode.c.h; path = XEJNavigationController.h; sourceTree = "<group>"; };
		66A8E0091E48823B000BE2C5 /* XEJNavigationController.m */ = {isa = PBXFileReference; fileEncoding = 4; lastKnownFileType = sourcecode.c.objc; path = XEJNavigationController.m; sourceTree = "<group>"; };
		66A8E00B1E48868E000BE2C5 /* XEJNavigationProtocol.h */ = {isa = PBXFileReference; fileEncoding = 4; lastKnownFileType = sourcecode.c.h; path = XEJNavigationProtocol.h; sourceTree = "<group>"; };
		66AF7EF21E3E384000F46B61 /* XEJPost.h */ = {isa = PBXFileReference; fileEncoding = 4; lastKnownFileType = sourcecode.c.h; path = XEJPost.h; sourceTree = "<group>"; };
		66AF7EF31E3E384000F46B61 /* XEJPost.m */ = {isa = PBXFileReference; fileEncoding = 4; lastKnownFileType = sourcecode.c.objc; path = XEJPost.m; sourceTree = "<group>"; };
		66AF7EF51E40D87C00F46B61 /* XEJLockedObjectView.h */ = {isa = PBXFileReference; fileEncoding = 4; lastKnownFileType = sourcecode.c.h; path = XEJLockedObjectView.h; sourceTree = "<group>"; };
		66AF7EF61E40D87C00F46B61 /* XEJLockedObjectView.m */ = {isa = PBXFileReference; fileEncoding = 4; lastKnownFileType = sourcecode.c.objc; path = XEJLockedObjectView.m; sourceTree = "<group>"; };
		66AF7EF81E40D8A100F46B61 /* XEJLockedObjectViewModel.h */ = {isa = PBXFileReference; fileEncoding = 4; lastKnownFileType = sourcecode.c.h; path = XEJLockedObjectViewModel.h; sourceTree = "<group>"; };
		66AF7EF91E40D8A100F46B61 /* XEJLockedObjectViewModel.m */ = {isa = PBXFileReference; fileEncoding = 4; lastKnownFileType = sourcecode.c.objc; path = XEJLockedObjectViewModel.m; sourceTree = "<group>"; };
		66FEE3021E38AC0B00C25FBB /* XEJThreadContentTextView.h */ = {isa = PBXFileReference; fileEncoding = 4; lastKnownFileType = sourcecode.c.h; path = XEJThreadContentTextView.h; sourceTree = "<group>"; };
		66FEE3031E38AC0B00C25FBB /* XEJThreadContentTextView.m */ = {isa = PBXFileReference; fileEncoding = 4; lastKnownFileType = sourcecode.c.objc; path = XEJThreadContentTextView.m; sourceTree = "<group>"; };
		66FEE3051E38AC1F00C25FBB /* XEJThreadContentImageView.h */ = {isa = PBXFileReference; fileEncoding = 4; lastKnownFileType = sourcecode.c.h; path = XEJThreadContentImageView.h; sourceTree = "<group>"; };
		66FEE3061E38AC1F00C25FBB /* XEJThreadContentImageView.m */ = {isa = PBXFileReference; fileEncoding = 4; lastKnownFileType = sourcecode.c.objc; path = XEJThreadContentImageView.m; sourceTree = "<group>"; };
		66FEE3081E38AC3000C25FBB /* XEJThreadContentAttachmentView.h */ = {isa = PBXFileReference; fileEncoding = 4; lastKnownFileType = sourcecode.c.h; path = XEJThreadContentAttachmentView.h; sourceTree = "<group>"; };
		66FEE3091E38AC3000C25FBB /* XEJThreadContentAttachmentView.m */ = {isa = PBXFileReference; fileEncoding = 4; lastKnownFileType = sourcecode.c.objc; path = XEJThreadContentAttachmentView.m; sourceTree = "<group>"; };
		66FEE30B1E38B08F00C25FBB /* XEJThreadContentTextViewModel.h */ = {isa = PBXFileReference; fileEncoding = 4; lastKnownFileType = sourcecode.c.h; path = XEJThreadContentTextViewModel.h; sourceTree = "<group>"; };
		66FEE30C1E38B08F00C25FBB /* XEJThreadContentTextViewModel.m */ = {isa = PBXFileReference; fileEncoding = 4; lastKnownFileType = sourcecode.c.objc; path = XEJThreadContentTextViewModel.m; sourceTree = "<group>"; };
		66FEE30E1E38B0A800C25FBB /* XEJThreadContentImageViewModel.h */ = {isa = PBXFileReference; fileEncoding = 4; lastKnownFileType = sourcecode.c.h; path = XEJThreadContentImageViewModel.h; sourceTree = "<group>"; };
		66FEE30F1E38B0A800C25FBB /* XEJThreadContentImageViewModel.m */ = {isa = PBXFileReference; fileEncoding = 4; lastKnownFileType = sourcecode.c.objc; path = XEJThreadContentImageViewModel.m; sourceTree = "<group>"; };
		66FEE3111E38B0D200C25FBB /* XEJThreadContentAttachmentViewModel.h */ = {isa = PBXFileReference; fileEncoding = 4; lastKnownFileType = sourcecode.c.h; path = XEJThreadContentAttachmentViewModel.h; sourceTree = "<group>"; };
		66FEE3121E38B0D200C25FBB /* XEJThreadContentAttachmentViewModel.m */ = {isa = PBXFileReference; fileEncoding = 4; lastKnownFileType = sourcecode.c.objc; path = XEJThreadContentAttachmentViewModel.m; sourceTree = "<group>"; };
		66FEE31A1E39DE1500C25FBB /* XEJUtility.h */ = {isa = PBXFileReference; fileEncoding = 4; lastKnownFileType = sourcecode.c.h; path = XEJUtility.h; sourceTree = "<group>"; };
		66FEE31B1E39DE1600C25FBB /* XEJUtility.m */ = {isa = PBXFileReference; fileEncoding = 4; lastKnownFileType = sourcecode.c.objc; path = XEJUtility.m; sourceTree = "<group>"; };
		66FEE31D1E39E0D000C25FBB /* XEJDateFormatter.h */ = {isa = PBXFileReference; fileEncoding = 4; lastKnownFileType = sourcecode.c.h; path = XEJDateFormatter.h; sourceTree = "<group>"; };
		66FEE31E1E39E0D000C25FBB /* XEJDateFormatter.m */ = {isa = PBXFileReference; fileEncoding = 4; lastKnownFileType = sourcecode.c.objc; path = XEJDateFormatter.m; sourceTree = "<group>"; };
		6AEE8E71AFB9903BBAA91421 /* libPods-HiPDATests.a */ = {isa = PBXFileReference; explicitFileType = archive.ar; includeInIndex = 0; path = "libPods-HiPDATests.a"; sourceTree = BUILT_PRODUCTS_DIR; };
		7A8D54408F55CF14EB9AFFBC /* Pods-HiPDATests.release.xcconfig */ = {isa = PBXFileReference; includeInIndex = 1; lastKnownFileType = text.xcconfig; name = "Pods-HiPDATests.release.xcconfig"; path = "Pods/Target Support Files/Pods-HiPDATests/Pods-HiPDATests.release.xcconfig"; sourceTree = "<group>"; };
		94959929C401BDBC99FDB068 /* Pods-HiPDAUITests.release.xcconfig */ = {isa = PBXFileReference; includeInIndex = 1; lastKnownFileType = text.xcconfig; name = "Pods-HiPDAUITests.release.xcconfig"; path = "Pods/Target Support Files/Pods-HiPDAUITests/Pods-HiPDAUITests.release.xcconfig"; sourceTree = "<group>"; };
		9B8EB5CFEF3BF6BCDA947715 /* Pods-HiPDA.debug.xcconfig */ = {isa = PBXFileReference; includeInIndex = 1; lastKnownFileType = text.xcconfig; name = "Pods-HiPDA.debug.xcconfig"; path = "Pods/Target Support Files/Pods-HiPDA/Pods-HiPDA.debug.xcconfig"; sourceTree = "<group>"; };
/* End PBXFileReference section */

/* Begin PBXFrameworksBuildPhase section */
		664056B81DF952C1002FC462 /* Frameworks */ = {
			isa = PBXFrameworksBuildPhase;
			buildActionMask = 2147483647;
			files = (
				E3C1CB135FFCB84CD839E73D /* libPods-HiPDA.a in Frameworks */,
			);
			runOnlyForDeploymentPostprocessing = 0;
		};
		664056D11DF952C1002FC462 /* Frameworks */ = {
			isa = PBXFrameworksBuildPhase;
			buildActionMask = 2147483647;
			files = (
				9BC0FC8654F480580BF7327F /* libPods-HiPDATests.a in Frameworks */,
			);
			runOnlyForDeploymentPostprocessing = 0;
		};
		664056DC1DF952C1002FC462 /* Frameworks */ = {
			isa = PBXFrameworksBuildPhase;
			buildActionMask = 2147483647;
			files = (
				445787FAEEF2D09DAD0A69FF /* libPods-HiPDAUITests.a in Frameworks */,
			);
			runOnlyForDeploymentPostprocessing = 0;
		};
/* End PBXFrameworksBuildPhase section */

/* Begin PBXGroup section */
		664056B21DF952C1002FC462 = {
			isa = PBXGroup;
			children = (
				664056BD1DF952C1002FC462 /* HiPDA */,
				664056D71DF952C1002FC462 /* HiPDATests */,
				664056E21DF952C1002FC462 /* HiPDAUITests */,
				664056BC1DF952C1002FC462 /* Products */,
				E578F4C6C22216CBB470FD53 /* Pods */,
				7E37E263595E65148D2435CD /* Frameworks */,
			);
			sourceTree = "<group>";
		};
		664056BC1DF952C1002FC462 /* Products */ = {
			isa = PBXGroup;
			children = (
				664056BB1DF952C1002FC462 /* HiPDA.app */,
				664056D41DF952C1002FC462 /* HiPDATests.xctest */,
				664056DF1DF952C1002FC462 /* HiPDAUITests.xctest */,
			);
			name = Products;
			sourceTree = "<group>";
		};
		664056BD1DF952C1002FC462 /* HiPDA */ = {
			isa = PBXGroup;
			children = (
				664056C11DF952C1002FC462 /* AppDelegate.h */,
				664056C21DF952C1002FC462 /* AppDelegate.m */,
				664056F21DF95DD8002FC462 /* Model */,
				664056F31DF95DE3002FC462 /* ViewModel */,
				664056F41DF95E12002FC462 /* View */,
				664056F51DF95E23002FC462 /* Controller */,
				664056F61DF95EBF002FC462 /* Util */,
				664056F71DF95ED4002FC462 /* Resource */,
				664056F91DF95EF8002FC462 /* Vendor */,
				664056CA1DF952C1002FC462 /* Assets.xcassets */,
				664056BE1DF952C1002FC462 /* Supporting Files */,
			);
			path = HiPDA;
			sourceTree = "<group>";
		};
		664056BE1DF952C1002FC462 /* Supporting Files */ = {
			isa = PBXGroup;
			children = (
				664056C41DF952C1002FC462 /* ViewController.h */,
				664056C51DF952C1002FC462 /* ViewController.m */,
				664056CC1DF952C1002FC462 /* LaunchScreen.storyboard */,
				664056CF1DF952C1002FC462 /* Info.plist */,
				664056BF1DF952C1002FC462 /* main.m */,
				664056F11DF955A4002FC462 /* HP-Prefix.pch */,
			);
			name = "Supporting Files";
			sourceTree = "<group>";
		};
		664056D71DF952C1002FC462 /* HiPDATests */ = {
			isa = PBXGroup;
			children = (
				664056D81DF952C1002FC462 /* HiPDATests.m */,
				664056DA1DF952C1002FC462 /* Info.plist */,
				66A6AD491E3236FE0019D536 /* XEJThreadListViewModelSpec.m */,
			);
			path = HiPDATests;
			sourceTree = "<group>";
		};
		664056E21DF952C1002FC462 /* HiPDAUITests */ = {
			isa = PBXGroup;
			children = (
				664056E31DF952C1002FC462 /* HiPDAUITests.m */,
				664056E51DF952C1002FC462 /* Info.plist */,
			);
			path = HiPDAUITests;
			sourceTree = "<group>";
		};
		664056F21DF95DD8002FC462 /* Model */ = {
			isa = PBXGroup;
			children = (
				66A6AD661E3606480019D536 /* XEJForum.h */,
				66A6AD671E3606480019D536 /* XEJForum.m */,
				66A6AD6C1E36073D0019D536 /* XEJUser.h */,
				66A6AD6D1E36073D0019D536 /* XEJUser.m */,
				66A6AD691E3606CE0019D536 /* XEJThread.h */,
				66A6AD6A1E3606CE0019D536 /* XEJThread.m */,
				66AF7EF21E3E384000F46B61 /* XEJPost.h */,
				66AF7EF31E3E384000F46B61 /* XEJPost.m */,
				66A8DFEE1E448D85000BE2C5 /* XEJLocked.h */,
				66A8DFEF1E448D85000BE2C5 /* XEJLocked.m */,
				66A8DFE71E4486E1000BE2C5 /* XEJPostStatus.h */,
				66A8DFE81E4486E1000BE2C5 /* XEJPostStatus.m */,
				66A8DFF71E45B82B000BE2C5 /* XEJReply.h */,
				66A8DFF81E45B82B000BE2C5 /* XEJReply.m */,
			);
			path = Model;
			sourceTree = "<group>";
		};
		664056F31DF95DE3002FC462 /* ViewModel */ = {
			isa = PBXGroup;
			children = (
				6668EA6D1E2B9C0000B6AF41 /* XEJThreadListViewModel.h */,
				6668EA6E1E2B9C0000B6AF41 /* XEJThreadListViewModel.m */,
				6668EA7A1E2BA72900B6AF41 /* XEJThreadListCellViewModel.h */,
				6668EA7B1E2BA72900B6AF41 /* XEJThreadListCellViewModel.m */,
				66A6AD4E1E345CF00019D536 /* XEJAvatarViewModel.h */,
				66A6AD4F1E345CF00019D536 /* XEJAvatarViewModel.m */,
				66A6AD541E34A3FB0019D536 /* XEJThreadViewModel.h */,
				66A6AD551E34A3FB0019D536 /* XEJThreadViewModel.m */,
				66A6AD5D1E34A8D70019D536 /* XEJThreadCellViewModel.h */,
				66A6AD5E1E34A8D70019D536 /* XEJThreadCellViewModel.m */,
				669DFC091E41BA3F0000D3FD /* XEJFloorViewModel.h */,
				669DFC0A1E41BA3F0000D3FD /* XEJFloorViewModel.m */,
				66AF7EF81E40D8A100F46B61 /* XEJLockedObjectViewModel.h */,
				66AF7EF91E40D8A100F46B61 /* XEJLockedObjectViewModel.m */,
				66A8DFE01E446EF2000BE2C5 /* XEJPollObjectViewModel.h */,
				66A8DFE11E446EF2000BE2C5 /* XEJPollObjectViewModel.m */,
				66A8DFE31E446EFF000BE2C5 /* XEJPostStatusObjectViewModel.h */,
				66A8DFE41E446EFF000BE2C5 /* XEJPostStatusObjectViewModel.m */,
				66A8DFF41E45B3E8000BE2C5 /* XEJReplyObjectViewModel.h */,
				66A8DFF51E45B3E8000BE2C5 /* XEJReplyObjectViewModel.m */,
				66A8DFFA1E46E158000BE2C5 /* XEJQuoteObjectViewModel.h */,
				66A8DFFB1E46E158000BE2C5 /* XEJQuoteObjectViewModel.m */,
				66FEE30B1E38B08F00C25FBB /* XEJThreadContentTextViewModel.h */,
				66FEE30C1E38B08F00C25FBB /* XEJThreadContentTextViewModel.m */,
				66FEE30E1E38B0A800C25FBB /* XEJThreadContentImageViewModel.h */,
				66FEE30F1E38B0A800C25FBB /* XEJThreadContentImageViewModel.m */,
				66FEE3111E38B0D200C25FBB /* XEJThreadContentAttachmentViewModel.h */,
				66FEE3121E38B0D200C25FBB /* XEJThreadContentAttachmentViewModel.m */,
			);
			path = ViewModel;
			sourceTree = "<group>";
		};
		664056F41DF95E12002FC462 /* View */ = {
			isa = PBXGroup;
			children = (
				6668EA6A1E2B9BE600B6AF41 /* XEJThreadListView.h */,
				6668EA6B1E2B9BE600B6AF41 /* XEJThreadListView.m */,
				6668EA771E2BA52600B6AF41 /* XEJThreadListCell.h */,
				6668EA781E2BA52600B6AF41 /* XEJThreadListCell.m */,
				66A6AD4B1E345CC10019D536 /* XEJAvatarView.h */,
				66A6AD4C1E345CC10019D536 /* XEJAvatarView.m */,
				66A6AD5A1E34A8570019D536 /* XEJThreadView.h */,
				66A6AD5B1E34A8570019D536 /* XEJThreadView.m */,
				66A6AD571E34A4290019D536 /* XEJThreadCell.h */,
				66A6AD581E34A4290019D536 /* XEJThreadCell.m */,
				669DFC061E41BA210000D3FD /* XEJFloorView.h */,
				669DFC071E41BA210000D3FD /* XEJFloorView.m */,
				66AF7EF51E40D87C00F46B61 /* XEJLockedObjectView.h */,
				66AF7EF61E40D87C00F46B61 /* XEJLockedObjectView.m */,
				66A8DFDA1E446EAA000BE2C5 /* XEJPollObjectView.h */,
				66A8DFDB1E446EAA000BE2C5 /* XEJPollObjectView.m */,
				66A8DFDD1E446ECC000BE2C5 /* XEJPostStatusObjectView.h */,
				66A8DFDE1E446ECC000BE2C5 /* XEJPostStatusObjectView.m */,
				66A8DFF11E45B181000BE2C5 /* XEJReplyObjectView.h */,
				66A8DFF21E45B181000BE2C5 /* XEJReplyObjectView.m */,
				66A6AD601E34B9E10019D536 /* XEJQuoteObjectView.h */,
				66A6AD611E34B9E10019D536 /* XEJQuoteObjectView.m */,
				66FEE3021E38AC0B00C25FBB /* XEJThreadContentTextView.h */,
				66FEE3031E38AC0B00C25FBB /* XEJThreadContentTextView.m */,
				66FEE3051E38AC1F00C25FBB /* XEJThreadContentImageView.h */,
				66FEE3061E38AC1F00C25FBB /* XEJThreadContentImageView.m */,
				66FEE3081E38AC3000C25FBB /* XEJThreadContentAttachmentView.h */,
				66FEE3091E38AC3000C25FBB /* XEJThreadContentAttachmentView.m */,
			);
			path = View;
			sourceTree = "<group>";
		};
		664056F51DF95E23002FC462 /* Controller */ = {
			isa = PBXGroup;
			children = (
				6668EA671E2B9B9700B6AF41 /* XEJThreadListViewController.h */,
				6668EA681E2B9B9700B6AF41 /* XEJThreadListViewController.m */,
				66A6AD511E34A3D40019D536 /* XEJThreadViewController.h */,
				66A6AD521E34A3D40019D536 /* XEJThreadViewController.m */,
			);
			path = Controller;
			sourceTree = "<group>";
		};
		664056F61DF95EBF002FC462 /* Util */ = {
			isa = PBXGroup;
			children = (
				664056FD1DF95FD0002FC462 /* Manager */,
				664056FC1DF95FC1002FC462 /* Common */,
				664056FB1DF95F7E002FC462 /* Category */,
				664056FA1DF95F77002FC462 /* Base */,
			);
			path = Util;
			sourceTree = "<group>";
		};
		664056F71DF95ED4002FC462 /* Resource */ = {
			isa = PBXGroup;
			children = (
				664056F81DF95EE8002FC462 /* Image */,
			);
			path = Resource;
			sourceTree = "<group>";
		};
		664056F81DF95EE8002FC462 /* Image */ = {
			isa = PBXGroup;
			children = (
			);
			path = Image;
			sourceTree = "<group>";
		};
		664056F91DF95EF8002FC462 /* Vendor */ = {
			isa = PBXGroup;
			children = (
			);
			path = Vendor;
			sourceTree = "<group>";
		};
		664056FA1DF95F77002FC462 /* Base */ = {
			isa = PBXGroup;
			children = (
				664056FE1DF97025002FC462 /* XEJModelProtocol.h */,
				664056FF1DF97053002FC462 /* XEJModel.h */,
				664057001DF97053002FC462 /* XEJModel.m */,
				664057021DF970C0002FC462 /* XEJViewModelProtocol.h */,
				66A8E00B1E48868E000BE2C5 /* XEJNavigationProtocol.h */,
				664057031DF970D2002FC462 /* XEJViewModel.h */,
				664057041DF970D2002FC462 /* XEJViewModel.m */,
				664057061DF973DD002FC462 /* XEJViewProtocol.h */,
				664057071DF974B1002FC462 /* XEJView.h */,
				664057081DF974B1002FC462 /* XEJView.m */,
				6668EA701E2BA1F800B6AF41 /* XEJTableView.h */,
				6668EA711E2BA1F800B6AF41 /* XEJTableView.m */,
				6668EA7E1E2BAC2500B6AF41 /* XEJTableViewCellProtocol.h */,
				6668EA731E2BA30200B6AF41 /* XEJTableViewCell.h */,
				6668EA741E2BA30200B6AF41 /* XEJTableViewCell.m */,
				6640570A1DF9788F002FC462 /* XEJViewControllerProtocol.h */,
				6640570B1DF97A12002FC462 /* XEJViewController.h */,
				6640570C1DF97A12002FC462 /* XEJViewController.m */,
				66A8E0081E48823B000BE2C5 /* XEJNavigationController.h */,
				66A8E0091E48823B000BE2C5 /* XEJNavigationController.m */,
				66A8DFE61E448507000BE2C5 /* XEJObjectViewModelProtocol.h */,
				669DFC121E42E20E0000D3FD /* XEJObjectViewModel.h */,
				669DFC131E42E20E0000D3FD /* XEJObjectViewModel.m */,
			);
			path = Base;
			sourceTree = "<group>";
		};
		664056FB1DF95F7E002FC462 /* Category */ = {
			isa = PBXGroup;
			children = (
			);
			path = Category;
			sourceTree = "<group>";
		};
		664056FC1DF95FC1002FC462 /* Common */ = {
			isa = PBXGroup;
			children = (
				66FEE31A1E39DE1500C25FBB /* XEJUtility.h */,
				66FEE31B1E39DE1600C25FBB /* XEJUtility.m */,
				66FEE31D1E39E0D000C25FBB /* XEJDateFormatter.h */,
				66FEE31E1E39E0D000C25FBB /* XEJDateFormatter.m */,
			);
			path = Common;
			sourceTree = "<group>";
		};
		664056FD1DF95FD0002FC462 /* Manager */ = {
			isa = PBXGroup;
			children = (
				66A8E0051E4880C3000BE2C5 /* XEJNavigationControllerStackManager.h */,
				66A8E0061E4880C3000BE2C5 /* XEJNavigationControllerStackManager.m */,
				6668EA7F1E2BB72E00B6AF41 /* XEJNetworkManager.h */,
				6668EA801E2BB72E00B6AF41 /* XEJNetworkManager.m */,
			);
			path = Manager;
			sourceTree = "<group>";
		};
		7E37E263595E65148D2435CD /* Frameworks */ = {
			isa = PBXGroup;
			children = (
				3ABCF2BFDA61507CBA1952EE /* libPods-HiPDA.a */,
				6AEE8E71AFB9903BBAA91421 /* libPods-HiPDATests.a */,
				4CD915094196749861FDC81C /* libPods-HiPDAUITests.a */,
			);
			name = Frameworks;
			sourceTree = "<group>";
		};
		E578F4C6C22216CBB470FD53 /* Pods */ = {
			isa = PBXGroup;
			children = (
				9B8EB5CFEF3BF6BCDA947715 /* Pods-HiPDA.debug.xcconfig */,
				62B76495F25C417DB891E8E1 /* Pods-HiPDA.release.xcconfig */,
				1B1C3693FCBAB8FC425FA67E /* Pods-HiPDATests.debug.xcconfig */,
				7A8D54408F55CF14EB9AFFBC /* Pods-HiPDATests.release.xcconfig */,
				1D66E40ED3BF18EB7ADE5DC4 /* Pods-HiPDAUITests.debug.xcconfig */,
				94959929C401BDBC99FDB068 /* Pods-HiPDAUITests.release.xcconfig */,
			);
			name = Pods;
			sourceTree = "<group>";
		};
/* End PBXGroup section */

/* Begin PBXNativeTarget section */
		664056BA1DF952C1002FC462 /* HiPDA */ = {
			isa = PBXNativeTarget;
			buildConfigurationList = 664056E81DF952C1002FC462 /* Build configuration list for PBXNativeTarget "HiPDA" */;
			buildPhases = (
				4BE2AE65FABD85E5A08CE3C4 /* [CP] Check Pods Manifest.lock */,
				664056B71DF952C1002FC462 /* Sources */,
				664056B81DF952C1002FC462 /* Frameworks */,
				664056B91DF952C1002FC462 /* Resources */,
				A18C6B2B8AFD5D4608521757 /* [CP] Embed Pods Frameworks */,
				B92D4E155519839BD847C60F /* [CP] Copy Pods Resources */,
			);
			buildRules = (
			);
			dependencies = (
			);
			name = HiPDA;
			productName = HiPDA;
			productReference = 664056BB1DF952C1002FC462 /* HiPDA.app */;
			productType = "com.apple.product-type.application";
		};
		664056D31DF952C1002FC462 /* HiPDATests */ = {
			isa = PBXNativeTarget;
			buildConfigurationList = 664056EB1DF952C1002FC462 /* Build configuration list for PBXNativeTarget "HiPDATests" */;
			buildPhases = (
				ADC710454A091116EF15E576 /* [CP] Check Pods Manifest.lock */,
				664056D01DF952C1002FC462 /* Sources */,
				664056D11DF952C1002FC462 /* Frameworks */,
				664056D21DF952C1002FC462 /* Resources */,
				707541AFDCB37A9DE16487A8 /* [CP] Embed Pods Frameworks */,
				BBA356707F8B2C08E34CA723 /* [CP] Copy Pods Resources */,
			);
			buildRules = (
			);
			dependencies = (
				664056D61DF952C1002FC462 /* PBXTargetDependency */,
			);
			name = HiPDATests;
			productName = HiPDATests;
			productReference = 664056D41DF952C1002FC462 /* HiPDATests.xctest */;
			productType = "com.apple.product-type.bundle.unit-test";
		};
		664056DE1DF952C1002FC462 /* HiPDAUITests */ = {
			isa = PBXNativeTarget;
			buildConfigurationList = 664056EE1DF952C1002FC462 /* Build configuration list for PBXNativeTarget "HiPDAUITests" */;
			buildPhases = (
				2658B0B9602D0037E6C0EB25 /* [CP] Check Pods Manifest.lock */,
				664056DB1DF952C1002FC462 /* Sources */,
				664056DC1DF952C1002FC462 /* Frameworks */,
				664056DD1DF952C1002FC462 /* Resources */,
				280D43177A1EFD40A0F9BA35 /* [CP] Copy Pods Resources */,
				C5D0BA1EE150B9EC8B4A28DC /* [CP] Embed Pods Frameworks */,
			);
			buildRules = (
			);
			dependencies = (
				664056E11DF952C1002FC462 /* PBXTargetDependency */,
			);
			name = HiPDAUITests;
			productName = HiPDAUITests;
			productReference = 664056DF1DF952C1002FC462 /* HiPDAUITests.xctest */;
			productType = "com.apple.product-type.bundle.ui-testing";
		};
/* End PBXNativeTarget section */

/* Begin PBXProject section */
		664056B31DF952C1002FC462 /* Project object */ = {
			isa = PBXProject;
			attributes = {
				CLASSPREFIX = XEJ;
				LastUpgradeCheck = 0730;
				ORGANIZATIONNAME = norlight;
				TargetAttributes = {
					664056BA1DF952C1002FC462 = {
						CreatedOnToolsVersion = 7.3.1;
						DevelopmentTeam = 8M8GUPR4R4;
					};
					664056D31DF952C1002FC462 = {
						CreatedOnToolsVersion = 7.3.1;
						DevelopmentTeam = 8M8GUPR4R4;
						TestTargetID = 664056BA1DF952C1002FC462;
					};
					664056DE1DF952C1002FC462 = {
						CreatedOnToolsVersion = 7.3.1;
						DevelopmentTeam = 8M8GUPR4R4;
						TestTargetID = 664056BA1DF952C1002FC462;
					};
				};
			};
			buildConfigurationList = 664056B61DF952C1002FC462 /* Build configuration list for PBXProject "HiPDA" */;
			compatibilityVersion = "Xcode 3.2";
			developmentRegion = English;
			hasScannedForEncodings = 0;
			knownRegions = (
				en,
				Base,
			);
			mainGroup = 664056B21DF952C1002FC462;
			productRefGroup = 664056BC1DF952C1002FC462 /* Products */;
			projectDirPath = "";
			projectRoot = "";
			targets = (
				664056BA1DF952C1002FC462 /* HiPDA */,
				664056D31DF952C1002FC462 /* HiPDATests */,
				664056DE1DF952C1002FC462 /* HiPDAUITests */,
			);
		};
/* End PBXProject section */

/* Begin PBXResourcesBuildPhase section */
		664056B91DF952C1002FC462 /* Resources */ = {
			isa = PBXResourcesBuildPhase;
			buildActionMask = 2147483647;
			files = (
				664056CE1DF952C1002FC462 /* LaunchScreen.storyboard in Resources */,
				664056CB1DF952C1002FC462 /* Assets.xcassets in Resources */,
			);
			runOnlyForDeploymentPostprocessing = 0;
		};
		664056D21DF952C1002FC462 /* Resources */ = {
			isa = PBXResourcesBuildPhase;
			buildActionMask = 2147483647;
			files = (
			);
			runOnlyForDeploymentPostprocessing = 0;
		};
		664056DD1DF952C1002FC462 /* Resources */ = {
			isa = PBXResourcesBuildPhase;
			buildActionMask = 2147483647;
			files = (
			);
			runOnlyForDeploymentPostprocessing = 0;
		};
/* End PBXResourcesBuildPhase section */

/* Begin PBXShellScriptBuildPhase section */
		2658B0B9602D0037E6C0EB25 /* [CP] Check Pods Manifest.lock */ = {
			isa = PBXShellScriptBuildPhase;
			buildActionMask = 2147483647;
			files = (
			);
			inputPaths = (
			);
			name = "[CP] Check Pods Manifest.lock";
			outputPaths = (
			);
			runOnlyForDeploymentPostprocessing = 0;
			shellPath = /bin/sh;
			shellScript = "diff \"${PODS_ROOT}/../Podfile.lock\" \"${PODS_ROOT}/Manifest.lock\" > /dev/null\nif [ $? != 0 ] ; then\n    # print error to STDERR\n    echo \"error: The sandbox is not in sync with the Podfile.lock. Run 'pod install' or update your CocoaPods installation.\" >&2\n    exit 1\nfi\n";
			showEnvVarsInLog = 0;
		};
		280D43177A1EFD40A0F9BA35 /* [CP] Copy Pods Resources */ = {
			isa = PBXShellScriptBuildPhase;
			buildActionMask = 2147483647;
			files = (
			);
			inputPaths = (
			);
			name = "[CP] Copy Pods Resources";
			outputPaths = (
			);
			runOnlyForDeploymentPostprocessing = 0;
			shellPath = /bin/sh;
			shellScript = "\"${SRCROOT}/Pods/Target Support Files/Pods-HiPDAUITests/Pods-HiPDAUITests-resources.sh\"\n";
			showEnvVarsInLog = 0;
		};
		4BE2AE65FABD85E5A08CE3C4 /* [CP] Check Pods Manifest.lock */ = {
			isa = PBXShellScriptBuildPhase;
			buildActionMask = 2147483647;
			files = (
			);
			inputPaths = (
			);
			name = "[CP] Check Pods Manifest.lock";
			outputPaths = (
			);
			runOnlyForDeploymentPostprocessing = 0;
			shellPath = /bin/sh;
			shellScript = "diff \"${PODS_ROOT}/../Podfile.lock\" \"${PODS_ROOT}/Manifest.lock\" > /dev/null\nif [ $? != 0 ] ; then\n    # print error to STDERR\n    echo \"error: The sandbox is not in sync with the Podfile.lock. Run 'pod install' or update your CocoaPods installation.\" >&2\n    exit 1\nfi\n";
			showEnvVarsInLog = 0;
		};
		707541AFDCB37A9DE16487A8 /* [CP] Embed Pods Frameworks */ = {
			isa = PBXShellScriptBuildPhase;
			buildActionMask = 2147483647;
			files = (
			);
			inputPaths = (
			);
			name = "[CP] Embed Pods Frameworks";
			outputPaths = (
			);
			runOnlyForDeploymentPostprocessing = 0;
			shellPath = /bin/sh;
			shellScript = "\"${SRCROOT}/Pods/Target Support Files/Pods-HiPDATests/Pods-HiPDATests-frameworks.sh\"\n";
			showEnvVarsInLog = 0;
		};
		A18C6B2B8AFD5D4608521757 /* [CP] Embed Pods Frameworks */ = {
			isa = PBXShellScriptBuildPhase;
			buildActionMask = 2147483647;
			files = (
			);
			inputPaths = (
			);
			name = "[CP] Embed Pods Frameworks";
			outputPaths = (
			);
			runOnlyForDeploymentPostprocessing = 0;
			shellPath = /bin/sh;
			shellScript = "\"${SRCROOT}/Pods/Target Support Files/Pods-HiPDA/Pods-HiPDA-frameworks.sh\"\n";
			showEnvVarsInLog = 0;
		};
		ADC710454A091116EF15E576 /* [CP] Check Pods Manifest.lock */ = {
			isa = PBXShellScriptBuildPhase;
			buildActionMask = 2147483647;
			files = (
			);
			inputPaths = (
			);
			name = "[CP] Check Pods Manifest.lock";
			outputPaths = (
			);
			runOnlyForDeploymentPostprocessing = 0;
			shellPath = /bin/sh;
			shellScript = "diff \"${PODS_ROOT}/../Podfile.lock\" \"${PODS_ROOT}/Manifest.lock\" > /dev/null\nif [ $? != 0 ] ; then\n    # print error to STDERR\n    echo \"error: The sandbox is not in sync with the Podfile.lock. Run 'pod install' or update your CocoaPods installation.\" >&2\n    exit 1\nfi\n";
			showEnvVarsInLog = 0;
		};
		B92D4E155519839BD847C60F /* [CP] Copy Pods Resources */ = {
			isa = PBXShellScriptBuildPhase;
			buildActionMask = 2147483647;
			files = (
			);
			inputPaths = (
			);
			name = "[CP] Copy Pods Resources";
			outputPaths = (
			);
			runOnlyForDeploymentPostprocessing = 0;
			shellPath = /bin/sh;
			shellScript = "\"${SRCROOT}/Pods/Target Support Files/Pods-HiPDA/Pods-HiPDA-resources.sh\"\n";
			showEnvVarsInLog = 0;
		};
		BBA356707F8B2C08E34CA723 /* [CP] Copy Pods Resources */ = {
			isa = PBXShellScriptBuildPhase;
			buildActionMask = 2147483647;
			files = (
			);
			inputPaths = (
			);
			name = "[CP] Copy Pods Resources";
			outputPaths = (
			);
			runOnlyForDeploymentPostprocessing = 0;
			shellPath = /bin/sh;
			shellScript = "\"${SRCROOT}/Pods/Target Support Files/Pods-HiPDATests/Pods-HiPDATests-resources.sh\"\n";
			showEnvVarsInLog = 0;
		};
		C5D0BA1EE150B9EC8B4A28DC /* [CP] Embed Pods Frameworks */ = {
			isa = PBXShellScriptBuildPhase;
			buildActionMask = 2147483647;
			files = (
			);
			inputPaths = (
			);
			name = "[CP] Embed Pods Frameworks";
			outputPaths = (
			);
			runOnlyForDeploymentPostprocessing = 0;
			shellPath = /bin/sh;
			shellScript = "\"${SRCROOT}/Pods/Target Support Files/Pods-HiPDAUITests/Pods-HiPDAUITests-frameworks.sh\"\n";
			showEnvVarsInLog = 0;
		};
/* End PBXShellScriptBuildPhase section */

/* Begin PBXSourcesBuildPhase section */
		664056B71DF952C1002FC462 /* Sources */ = {
			isa = PBXSourcesBuildPhase;
			buildActionMask = 2147483647;
			files = (
				6640570D1DF97A12002FC462 /* XEJViewController.m in Sources */,
				66A6AD591E34A4290019D536 /* XEJThreadCell.m in Sources */,
				66A8DFF91E45B82B000BE2C5 /* XEJReply.m in Sources */,
				66A6AD681E3606480019D536 /* XEJForum.m in Sources */,
				66A8DFDF1E446ECC000BE2C5 /* XEJPostStatusObjectView.m in Sources */,
				664056C61DF952C1002FC462 /* ViewController.m in Sources */,
				6668EA791E2BA52600B6AF41 /* XEJThreadListCell.m in Sources */,
				66A6AD6E1E36073D0019D536 /* XEJUser.m in Sources */,
				66FEE31C1E39DE1600C25FBB /* XEJUtility.m in Sources */,
				6668EA811E2BB72E00B6AF41 /* XEJNetworkManager.m in Sources */,
				66FEE3041E38AC0B00C25FBB /* XEJThreadContentTextView.m in Sources */,
				66FEE3101E38B0A800C25FBB /* XEJThreadContentImageViewModel.m in Sources */,
				66A8DFFC1E46E158000BE2C5 /* XEJQuoteObjectViewModel.m in Sources */,
				66FEE31F1E39E0D000C25FBB /* XEJDateFormatter.m in Sources */,
				66A8DFE21E446EF2000BE2C5 /* XEJPollObjectViewModel.m in Sources */,
				66A8DFE51E446EFF000BE2C5 /* XEJPostStatusObjectViewModel.m in Sources */,
				66FEE3071E38AC1F00C25FBB /* XEJThreadContentImageView.m in Sources */,
				6668EA691E2B9B9700B6AF41 /* XEJThreadListViewController.m in Sources */,
				66A8DFF61E45B3E8000BE2C5 /* XEJReplyObjectViewModel.m in Sources */,
				6668EA7C1E2BA72900B6AF41 /* XEJThreadListCellViewModel.m in Sources */,
				66A6AD531E34A3D40019D536 /* XEJThreadViewController.m in Sources */,
				6668EA6C1E2B9BE600B6AF41 /* XEJThreadListView.m in Sources */,
				664057011DF97053002FC462 /* XEJModel.m in Sources */,
				66FEE30D1E38B08F00C25FBB /* XEJThreadContentTextViewModel.m in Sources */,
				664057091DF974B1002FC462 /* XEJView.m in Sources */,
				66A6AD561E34A3FB0019D536 /* XEJThreadViewModel.m in Sources */,
				66AF7EFA1E40D8A100F46B61 /* XEJLockedObjectViewModel.m in Sources */,
				664057051DF970D2002FC462 /* XEJViewModel.m in Sources */,
				669DFC081E41BA210000D3FD /* XEJFloorView.m in Sources */,
				6668EA751E2BA30200B6AF41 /* XEJTableViewCell.m in Sources */,
				66A8E0071E4880C3000BE2C5 /* XEJNavigationControllerStackManager.m in Sources */,
				66A8DFE91E4486E1000BE2C5 /* XEJPostStatus.m in Sources */,
				66A6AD4D1E345CC10019D536 /* XEJAvatarView.m in Sources */,
				66FEE3131E38B0D200C25FBB /* XEJThreadContentAttachmentViewModel.m in Sources */,
				66A6AD501E345CF00019D536 /* XEJAvatarViewModel.m in Sources */,
				664056C31DF952C1002FC462 /* AppDelegate.m in Sources */,
				66FEE30A1E38AC3000C25FBB /* XEJThreadContentAttachmentView.m in Sources */,
				66A6AD6B1E3606CE0019D536 /* XEJThread.m in Sources */,
				6668EA721E2BA1F800B6AF41 /* XEJTableView.m in Sources */,
				66A8DFF31E45B181000BE2C5 /* XEJReplyObjectView.m in Sources */,
				669DFC141E42E20E0000D3FD /* XEJObjectViewModel.m in Sources */,
				66A8DFF01E448D85000BE2C5 /* XEJLocked.m in Sources */,
				66A8DFDC1E446EAA000BE2C5 /* XEJPollObjectView.m in Sources */,
				66A6AD621E34B9E10019D536 /* XEJQuoteObjectView.m in Sources */,
				669DFC0B1E41BA3F0000D3FD /* XEJFloorViewModel.m in Sources */,
				66A6AD5F1E34A8D70019D536 /* XEJThreadCellViewModel.m in Sources */,
				6668EA6F1E2B9C0000B6AF41 /* XEJThreadListViewModel.m in Sources */,
				66AF7EF41E3E384000F46B61 /* XEJPost.m in Sources */,
				66AF7EF71E40D87C00F46B61 /* XEJLockedObjectView.m in Sources */,
				66A6AD5C1E34A8570019D536 /* XEJThreadView.m in Sources */,
				664056C01DF952C1002FC462 /* main.m in Sources */,
				66A8E00A1E48823B000BE2C5 /* XEJNavigationController.m in Sources */,
			);
			runOnlyForDeploymentPostprocessing = 0;
		};
		664056D01DF952C1002FC462 /* Sources */ = {
			isa = PBXSourcesBuildPhase;
			buildActionMask = 2147483647;
			files = (
				664056D91DF952C1002FC462 /* HiPDATests.m in Sources */,
				66A6AD4A1E3236FE0019D536 /* XEJThreadListViewModelSpec.m in Sources */,
			);
			runOnlyForDeploymentPostprocessing = 0;
		};
		664056DB1DF952C1002FC462 /* Sources */ = {
			isa = PBXSourcesBuildPhase;
			buildActionMask = 2147483647;
			files = (
				664056E41DF952C1002FC462 /* HiPDAUITests.m in Sources */,
			);
			runOnlyForDeploymentPostprocessing = 0;
		};
/* End PBXSourcesBuildPhase section */

/* Begin PBXTargetDependency section */
		664056D61DF952C1002FC462 /* PBXTargetDependency */ = {
			isa = PBXTargetDependency;
			target = 664056BA1DF952C1002FC462 /* HiPDA */;
			targetProxy = 664056D51DF952C1002FC462 /* PBXContainerItemProxy */;
		};
		664056E11DF952C1002FC462 /* PBXTargetDependency */ = {
			isa = PBXTargetDependency;
			target = 664056BA1DF952C1002FC462 /* HiPDA */;
			targetProxy = 664056E01DF952C1002FC462 /* PBXContainerItemProxy */;
		};
/* End PBXTargetDependency section */

/* Begin PBXVariantGroup section */
		664056CC1DF952C1002FC462 /* LaunchScreen.storyboard */ = {
			isa = PBXVariantGroup;
			children = (
				664056CD1DF952C1002FC462 /* Base */,
			);
			name = LaunchScreen.storyboard;
			sourceTree = "<group>";
		};
/* End PBXVariantGroup section */

/* Begin XCBuildConfiguration section */
		664056E61DF952C1002FC462 /* Debug */ = {
			isa = XCBuildConfiguration;
			buildSettings = {
				ALWAYS_SEARCH_USER_PATHS = NO;
				CLANG_ANALYZER_NONNULL = YES;
				CLANG_CXX_LANGUAGE_STANDARD = "gnu++0x";
				CLANG_CXX_LIBRARY = "libc++";
				CLANG_ENABLE_MODULES = YES;
				CLANG_ENABLE_OBJC_ARC = YES;
				CLANG_WARN_BOOL_CONVERSION = YES;
				CLANG_WARN_CONSTANT_CONVERSION = YES;
				CLANG_WARN_DIRECT_OBJC_ISA_USAGE = YES_ERROR;
				CLANG_WARN_EMPTY_BODY = YES;
				CLANG_WARN_ENUM_CONVERSION = YES;
				CLANG_WARN_INT_CONVERSION = YES;
				CLANG_WARN_OBJC_ROOT_CLASS = YES_ERROR;
				CLANG_WARN_UNREACHABLE_CODE = YES;
				CLANG_WARN__DUPLICATE_METHOD_MATCH = YES;
				"CODE_SIGN_IDENTITY[sdk=iphoneos*]" = "iPhone Developer";
				COPY_PHASE_STRIP = NO;
				DEBUG_INFORMATION_FORMAT = dwarf;
				ENABLE_STRICT_OBJC_MSGSEND = YES;
				ENABLE_TESTABILITY = YES;
				GCC_C_LANGUAGE_STANDARD = gnu99;
				GCC_DYNAMIC_NO_PIC = NO;
				GCC_NO_COMMON_BLOCKS = YES;
				GCC_OPTIMIZATION_LEVEL = 0;
				GCC_PRECOMPILE_PREFIX_HEADER = YES;
				GCC_PREFIX_HEADER = "$(SRCROOT)/HiPDA/HP-Prefix.pch";
				GCC_PREPROCESSOR_DEFINITIONS = (
					"DEBUG=1",
					"$(inherited)",
				);
				GCC_WARN_64_TO_32_BIT_CONVERSION = YES;
				GCC_WARN_ABOUT_RETURN_TYPE = YES_ERROR;
				GCC_WARN_UNDECLARED_SELECTOR = YES;
				GCC_WARN_UNINITIALIZED_AUTOS = YES_AGGRESSIVE;
				GCC_WARN_UNUSED_FUNCTION = YES;
				GCC_WARN_UNUSED_VARIABLE = YES;
				IPHONEOS_DEPLOYMENT_TARGET = 8.0;
				MTL_ENABLE_DEBUG_INFO = YES;
				ONLY_ACTIVE_ARCH = YES;
				SDKROOT = iphoneos;
				TARGETED_DEVICE_FAMILY = "1,2";
			};
			name = Debug;
		};
		664056E71DF952C1002FC462 /* Release */ = {
			isa = XCBuildConfiguration;
			buildSettings = {
				ALWAYS_SEARCH_USER_PATHS = NO;
				CLANG_ANALYZER_NONNULL = YES;
				CLANG_CXX_LANGUAGE_STANDARD = "gnu++0x";
				CLANG_CXX_LIBRARY = "libc++";
				CLANG_ENABLE_MODULES = YES;
				CLANG_ENABLE_OBJC_ARC = YES;
				CLANG_WARN_BOOL_CONVERSION = YES;
				CLANG_WARN_CONSTANT_CONVERSION = YES;
				CLANG_WARN_DIRECT_OBJC_ISA_USAGE = YES_ERROR;
				CLANG_WARN_EMPTY_BODY = YES;
				CLANG_WARN_ENUM_CONVERSION = YES;
				CLANG_WARN_INT_CONVERSION = YES;
				CLANG_WARN_OBJC_ROOT_CLASS = YES_ERROR;
				CLANG_WARN_UNREACHABLE_CODE = YES;
				CLANG_WARN__DUPLICATE_METHOD_MATCH = YES;
				"CODE_SIGN_IDENTITY[sdk=iphoneos*]" = "iPhone Developer";
				COPY_PHASE_STRIP = NO;
				DEBUG_INFORMATION_FORMAT = "dwarf-with-dsym";
				ENABLE_NS_ASSERTIONS = NO;
				ENABLE_STRICT_OBJC_MSGSEND = YES;
				GCC_C_LANGUAGE_STANDARD = gnu99;
				GCC_NO_COMMON_BLOCKS = YES;
				GCC_PRECOMPILE_PREFIX_HEADER = YES;
				GCC_PREFIX_HEADER = "$(SRCROOT)/HiPDA/HP-Prefix.pch";
				GCC_WARN_64_TO_32_BIT_CONVERSION = YES;
				GCC_WARN_ABOUT_RETURN_TYPE = YES_ERROR;
				GCC_WARN_UNDECLARED_SELECTOR = YES;
				GCC_WARN_UNINITIALIZED_AUTOS = YES_AGGRESSIVE;
				GCC_WARN_UNUSED_FUNCTION = YES;
				GCC_WARN_UNUSED_VARIABLE = YES;
				IPHONEOS_DEPLOYMENT_TARGET = 8.0;
				MTL_ENABLE_DEBUG_INFO = NO;
				SDKROOT = iphoneos;
				TARGETED_DEVICE_FAMILY = "1,2";
				VALIDATE_PRODUCT = YES;
			};
			name = Release;
		};
		664056E91DF952C1002FC462 /* Debug */ = {
			isa = XCBuildConfiguration;
			baseConfigurationReference = 9B8EB5CFEF3BF6BCDA947715 /* Pods-HiPDA.debug.xcconfig */;
			buildSettings = {
				ASSETCATALOG_COMPILER_APPICON_NAME = AppIcon;
				INFOPLIST_FILE = HiPDA/Info.plist;
				IPHONEOS_DEPLOYMENT_TARGET = 8.0;
				LD_RUNPATH_SEARCH_PATHS = "$(inherited) @executable_path/Frameworks";
				PRODUCT_BUNDLE_IDENTIFIER = cc.erjie.HiPDA;
				PRODUCT_NAME = "$(TARGET_NAME)";
				TARGETED_DEVICE_FAMILY = 1;
			};
			name = Debug;
		};
		664056EA1DF952C1002FC462 /* Release */ = {
			isa = XCBuildConfiguration;
			baseConfigurationReference = 62B76495F25C417DB891E8E1 /* Pods-HiPDA.release.xcconfig */;
			buildSettings = {
				ASSETCATALOG_COMPILER_APPICON_NAME = AppIcon;
				INFOPLIST_FILE = HiPDA/Info.plist;
				IPHONEOS_DEPLOYMENT_TARGET = 8.0;
				LD_RUNPATH_SEARCH_PATHS = "$(inherited) @executable_path/Frameworks";
				PRODUCT_BUNDLE_IDENTIFIER = cc.erjie.HiPDA;
				PRODUCT_NAME = "$(TARGET_NAME)";
				TARGETED_DEVICE_FAMILY = 1;
			};
			name = Release;
		};
		664056EC1DF952C1002FC462 /* Debug */ = {
			isa = XCBuildConfiguration;
			baseConfigurationReference = 1B1C3693FCBAB8FC425FA67E /* Pods-HiPDATests.debug.xcconfig */;
			buildSettings = {
				BUNDLE_LOADER = "$(TEST_HOST)";
				INFOPLIST_FILE = HiPDATests/Info.plist;
				LD_RUNPATH_SEARCH_PATHS = "$(inherited) @executable_path/Frameworks @loader_path/Frameworks";
				PRODUCT_BUNDLE_IDENTIFIER = ej.HiPDATests;
				PRODUCT_NAME = "$(TARGET_NAME)";
				TEST_HOST = "$(BUILT_PRODUCTS_DIR)/HiPDA.app/HiPDA";
			};
			name = Debug;
		};
		664056ED1DF952C1002FC462 /* Release */ = {
			isa = XCBuildConfiguration;
			baseConfigurationReference = 7A8D54408F55CF14EB9AFFBC /* Pods-HiPDATests.release.xcconfig */;
			buildSettings = {
				BUNDLE_LOADER = "$(TEST_HOST)";
				INFOPLIST_FILE = HiPDATests/Info.plist;
				LD_RUNPATH_SEARCH_PATHS = "$(inherited) @executable_path/Frameworks @loader_path/Frameworks";
				PRODUCT_BUNDLE_IDENTIFIER = ej.HiPDATests;
				PRODUCT_NAME = "$(TARGET_NAME)";
				TEST_HOST = "$(BUILT_PRODUCTS_DIR)/HiPDA.app/HiPDA";
			};
			name = Release;
		};
		664056EF1DF952C1002FC462 /* Debug */ = {
			isa = XCBuildConfiguration;
			baseConfigurationReference = 1D66E40ED3BF18EB7ADE5DC4 /* Pods-HiPDAUITests.debug.xcconfig */;
			buildSettings = {
				INFOPLIST_FILE = HiPDAUITests/Info.plist;
				LD_RUNPATH_SEARCH_PATHS = "$(inherited) @executable_path/Frameworks @loader_path/Frameworks";
				PRODUCT_BUNDLE_IDENTIFIER = ej.HiPDAUITests;
				PRODUCT_NAME = "$(TARGET_NAME)";
				TEST_TARGET_NAME = HiPDA;
			};
			name = Debug;
		};
		664056F01DF952C1002FC462 /* Release */ = {
			isa = XCBuildConfiguration;
			baseConfigurationReference = 94959929C401BDBC99FDB068 /* Pods-HiPDAUITests.release.xcconfig */;
			buildSettings = {
				INFOPLIST_FILE = HiPDAUITests/Info.plist;
				LD_RUNPATH_SEARCH_PATHS = "$(inherited) @executable_path/Frameworks @loader_path/Frameworks";
				PRODUCT_BUNDLE_IDENTIFIER = ej.HiPDAUITests;
				PRODUCT_NAME = "$(TARGET_NAME)";
				TEST_TARGET_NAME = HiPDA;
			};
			name = Release;
		};
/* End XCBuildConfiguration section */

/* Begin XCConfigurationList section */
		664056B61DF952C1002FC462 /* Build configuration list for PBXProject "HiPDA" */ = {
			isa = XCConfigurationList;
			buildConfigurations = (
				664056E61DF952C1002FC462 /* Debug */,
				664056E71DF952C1002FC462 /* Release */,
			);
			defaultConfigurationIsVisible = 0;
			defaultConfigurationName = Release;
		};
		664056E81DF952C1002FC462 /* Build configuration list for PBXNativeTarget "HiPDA" */ = {
			isa = XCConfigurationList;
			buildConfigurations = (
				664056E91DF952C1002FC462 /* Debug */,
				664056EA1DF952C1002FC462 /* Release */,
			);
			defaultConfigurationIsVisible = 0;
			defaultConfigurationName = Release;
		};
		664056EB1DF952C1002FC462 /* Build configuration list for PBXNativeTarget "HiPDATests" */ = {
			isa = XCConfigurationList;
			buildConfigurations = (
				664056EC1DF952C1002FC462 /* Debug */,
				664056ED1DF952C1002FC462 /* Release */,
			);
			defaultConfigurationIsVisible = 0;
			defaultConfigurationName = Release;
		};
		664056EE1DF952C1002FC462 /* Build configuration list for PBXNativeTarget "HiPDAUITests" */ = {
			isa = XCConfigurationList;
			buildConfigurations = (
				664056EF1DF952C1002FC462 /* Debug */,
				664056F01DF952C1002FC462 /* Release */,
			);
			defaultConfigurationIsVisible = 0;
			defaultConfigurationName = Release;
		};
/* End XCConfigurationList section */
	};
	rootObject = 664056B31DF952C1002FC462 /* Project object */;
}
