// !$*UTF8*$!
{
	archiveVersion = 1;
	classes = {
	};
	objectVersion = 46;
	objects = {

/* Begin PBXBuildFile section */
		664056C01DF952C1002FC462 /* main.m in Sources */ = {isa = PBXBuildFile; fileRef = 664056BF1DF952C1002FC462 /* main.m */; };
		664056C31DF952C1002FC462 /* AppDelegate.m in Sources */ = {isa = PBXBuildFile; fileRef = 664056C21DF952C1002FC462 /* AppDelegate.m */; };
		664056C61DF952C1002FC462 /* ViewController.m in Sources */ = {isa = PBXBuildFile; fileRef = 664056C51DF952C1002FC462 /* ViewController.m */; };
		664056CB1DF952C1002FC462 /* Assets.xcassets in Resources */ = {isa = PBXBuildFile; fileRef = 664056CA1DF952C1002FC462 /* Assets.xcassets */; };
		664056CE1DF952C1002FC462 /* LaunchScreen.storyboard in Resources */ = {isa = PBXBuildFile; fileRef = 664056CC1DF952C1002FC462 /* LaunchScreen.storyboard */; };
		664056D91DF952C1002FC462 /* HiPDATests.m in Sources */ = {isa = PBXBuildFile; fileRef = 664056D81DF952C1002FC462 /* HiPDATests.m */; };
		664056E41DF952C1002FC462 /* HiPDAUITests.m in Sources */ = {isa = PBXBuildFile; fileRef = 664056E31DF952C1002FC462 /* HiPDAUITests.m */; };
		664057011DF97053002FC462 /* XEJModel.m in Sources */ = {isa = PBXBuildFile; fileRef = 664057001DF97053002FC462 /* XEJModel.m */; };
		664057051DF970D2002FC462 /* XEJViewModel.m in Sources */ = {isa = PBXBuildFile; fileRef = 664057041DF970D2002FC462 /* XEJViewModel.m */; };
		664057091DF974B1002FC462 /* XEJView.m in Sources */ = {isa = PBXBuildFile; fileRef = 664057081DF974B1002FC462 /* XEJView.m */; };
		6640570D1DF97A12002FC462 /* XEJViewController.m in Sources */ = {isa = PBXBuildFile; fileRef = 6640570C1DF97A12002FC462 /* XEJViewController.m */; };
/* End PBXBuildFile section */

/* Begin PBXContainerItemProxy section */
		664056D51DF952C1002FC462 /* PBXContainerItemProxy */ = {
			isa = PBXContainerItemProxy;
			containerPortal = 664056B31DF952C1002FC462 /* Project object */;
			proxyType = 1;
			remoteGlobalIDString = 664056BA1DF952C1002FC462;
			remoteInfo = HiPDA;
		};
		664056E01DF952C1002FC462 /* PBXContainerItemProxy */ = {
			isa = PBXContainerItemProxy;
			containerPortal = 664056B31DF952C1002FC462 /* Project object */;
			proxyType = 1;
			remoteGlobalIDString = 664056BA1DF952C1002FC462;
			remoteInfo = HiPDA;
		};
/* End PBXContainerItemProxy section */

/* Begin PBXFileReference section */
		664056BB1DF952C1002FC462 /* HiPDA.app */ = {isa = PBXFileReference; explicitFileType = wrapper.application; includeInIndex = 0; path = HiPDA.app; sourceTree = BUILT_PRODUCTS_DIR; };
		664056BF1DF952C1002FC462 /* main.m */ = {isa = PBXFileReference; lastKnownFileType = sourcecode.c.objc; path = main.m; sourceTree = "<group>"; };
		664056C11DF952C1002FC462 /* AppDelegate.h */ = {isa = PBXFileReference; lastKnownFileType = sourcecode.c.h; path = AppDelegate.h; sourceTree = "<group>"; };
		664056C21DF952C1002FC462 /* AppDelegate.m */ = {isa = PBXFileReference; lastKnownFileType = sourcecode.c.objc; path = AppDelegate.m; sourceTree = "<group>"; };
		664056C41DF952C1002FC462 /* ViewController.h */ = {isa = PBXFileReference; lastKnownFileType = sourcecode.c.h; path = ViewController.h; sourceTree = "<group>"; };
		664056C51DF952C1002FC462 /* ViewController.m */ = {isa = PBXFileReference; lastKnownFileType = sourcecode.c.objc; path = ViewController.m; sourceTree = "<group>"; };
		664056CA1DF952C1002FC462 /* Assets.xcassets */ = {isa = PBXFileReference; lastKnownFileType = folder.assetcatalog; path = Assets.xcassets; sourceTree = "<group>"; };
		664056CD1DF952C1002FC462 /* Base */ = {isa = PBXFileReference; lastKnownFileType = file.storyboard; name = Base; path = Base.lproj/LaunchScreen.storyboard; sourceTree = "<group>"; };
		664056CF1DF952C1002FC462 /* Info.plist */ = {isa = PBXFileReference; lastKnownFileType = text.plist.xml; path = Info.plist; sourceTree = "<group>"; };
		664056D41DF952C1002FC462 /* HiPDATests.xctest */ = {isa = PBXFileReference; explicitFileType = wrapper.cfbundle; includeInIndex = 0; path = HiPDATests.xctest; sourceTree = BUILT_PRODUCTS_DIR; };
		664056D81DF952C1002FC462 /* HiPDATests.m */ = {isa = PBXFileReference; lastKnownFileType = sourcecode.c.objc; path = HiPDATests.m; sourceTree = "<group>"; };
		664056DA1DF952C1002FC462 /* Info.plist */ = {isa = PBXFileReference; lastKnownFileType = text.plist.xml; path = Info.plist; sourceTree = "<group>"; };
		664056DF1DF952C1002FC462 /* HiPDAUITests.xctest */ = {isa = PBXFileReference; explicitFileType = wrapper.cfbundle; includeInIndex = 0; path = HiPDAUITests.xctest; sourceTree = BUILT_PRODUCTS_DIR; };
		664056E31DF952C1002FC462 /* HiPDAUITests.m */ = {isa = PBXFileReference; lastKnownFileType = sourcecode.c.objc; path = HiPDAUITests.m; sourceTree = "<group>"; };
		664056E51DF952C1002FC462 /* Info.plist */ = {isa = PBXFileReference; lastKnownFileType = text.plist.xml; path = Info.plist; sourceTree = "<group>"; };
		664056F11DF955A4002FC462 /* HP-Prefix.pch */ = {isa = PBXFileReference; lastKnownFileType = sourcecode.c.h; path = "HP-Prefix.pch"; sourceTree = "<group>"; };
		664056FE1DF97025002FC462 /* XEJModelProtocol.h */ = {isa = PBXFileReference; fileEncoding = 4; lastKnownFileType = sourcecode.c.h; path = XEJModelProtocol.h; sourceTree = "<group>"; };
		664056FF1DF97053002FC462 /* XEJModel.h */ = {isa = PBXFileReference; fileEncoding = 4; lastKnownFileType = sourcecode.c.h; path = XEJModel.h; sourceTree = "<group>"; };
		664057001DF97053002FC462 /* XEJModel.m */ = {isa = PBXFileReference; fileEncoding = 4; lastKnownFileType = sourcecode.c.objc; path = XEJModel.m; sourceTree = "<group>"; };
		664057021DF970C0002FC462 /* XEJViewModelProtocol.h */ = {isa = PBXFileReference; fileEncoding = 4; lastKnownFileType = sourcecode.c.h; path = XEJViewModelProtocol.h; sourceTree = "<group>"; };
		664057031DF970D2002FC462 /* XEJViewModel.h */ = {isa = PBXFileReference; fileEncoding = 4; lastKnownFileType = sourcecode.c.h; path = XEJViewModel.h; sourceTree = "<group>"; };
		664057041DF970D2002FC462 /* XEJViewModel.m */ = {isa = PBXFileReference; fileEncoding = 4; lastKnownFileType = sourcecode.c.objc; path = XEJViewModel.m; sourceTree = "<group>"; };
		664057061DF973DD002FC462 /* XEJViewProtocol.h */ = {isa = PBXFileReference; fileEncoding = 4; lastKnownFileType = sourcecode.c.h; path = XEJViewProtocol.h; sourceTree = "<group>"; };
		664057071DF974B1002FC462 /* XEJView.h */ = {isa = PBXFileReference; fileEncoding = 4; lastKnownFileType = sourcecode.c.h; path = XEJView.h; sourceTree = "<group>"; };
		664057081DF974B1002FC462 /* XEJView.m */ = {isa = PBXFileReference; fileEncoding = 4; lastKnownFileType = sourcecode.c.objc; path = XEJView.m; sourceTree = "<group>"; };
		6640570A1DF9788F002FC462 /* XEJViewControllerProtocol.h */ = {isa = PBXFileReference; fileEncoding = 4; lastKnownFileType = sourcecode.c.h; path = XEJViewControllerProtocol.h; sourceTree = "<group>"; };
		6640570B1DF97A12002FC462 /* XEJViewController.h */ = {isa = PBXFileReference; fileEncoding = 4; lastKnownFileType = sourcecode.c.h; path = XEJViewController.h; sourceTree = "<group>"; };
		6640570C1DF97A12002FC462 /* XEJViewController.m */ = {isa = PBXFileReference; fileEncoding = 4; lastKnownFileType = sourcecode.c.objc; path = XEJViewController.m; sourceTree = "<group>"; };
/* End PBXFileReference section */

/* Begin PBXFrameworksBuildPhase section */
		664056B81DF952C1002FC462 /* Frameworks */ = {
			isa = PBXFrameworksBuildPhase;
			buildActionMask = 2147483647;
			files = (
			);
			runOnlyForDeploymentPostprocessing = 0;
		};
		664056D11DF952C1002FC462 /* Frameworks */ = {
			isa = PBXFrameworksBuildPhase;
			buildActionMask = 2147483647;
			files = (
			);
			runOnlyForDeploymentPostprocessing = 0;
		};
		664056DC1DF952C1002FC462 /* Frameworks */ = {
			isa = PBXFrameworksBuildPhase;
			buildActionMask = 2147483647;
			files = (
			);
			runOnlyForDeploymentPostprocessing = 0;
		};
/* End PBXFrameworksBuildPhase section */

/* Begin PBXGroup section */
		664056B21DF952C1002FC462 = {
			isa = PBXGroup;
			children = (
				664056BD1DF952C1002FC462 /* HiPDA */,
				664056D71DF952C1002FC462 /* HiPDATests */,
				664056E21DF952C1002FC462 /* HiPDAUITests */,
				664056BC1DF952C1002FC462 /* Products */,
			);
			sourceTree = "<group>";
		};
		664056BC1DF952C1002FC462 /* Products */ = {
			isa = PBXGroup;
			children = (
				664056BB1DF952C1002FC462 /* HiPDA.app */,
				664056D41DF952C1002FC462 /* HiPDATests.xctest */,
				664056DF1DF952C1002FC462 /* HiPDAUITests.xctest */,
			);
			name = Products;
			sourceTree = "<group>";
		};
		664056BD1DF952C1002FC462 /* HiPDA */ = {
			isa = PBXGroup;
			children = (
				664056C11DF952C1002FC462 /* AppDelegate.h */,
				664056C21DF952C1002FC462 /* AppDelegate.m */,
				664056F21DF95DD8002FC462 /* Model */,
				664056F31DF95DE3002FC462 /* ViewModel */,
				664056F41DF95E12002FC462 /* View */,
				664056F51DF95E23002FC462 /* Controller */,
				664056F61DF95EBF002FC462 /* Util */,
				664056F71DF95ED4002FC462 /* Resource */,
				664056F91DF95EF8002FC462 /* Vendor */,
				664056CA1DF952C1002FC462 /* Assets.xcassets */,
				664056BE1DF952C1002FC462 /* Supporting Files */,
			);
			path = HiPDA;
			sourceTree = "<group>";
		};
		664056BE1DF952C1002FC462 /* Supporting Files */ = {
			isa = PBXGroup;
			children = (
				664056C41DF952C1002FC462 /* ViewController.h */,
				664056C51DF952C1002FC462 /* ViewController.m */,
				664056CC1DF952C1002FC462 /* LaunchScreen.storyboard */,
				664056CF1DF952C1002FC462 /* Info.plist */,
				664056BF1DF952C1002FC462 /* main.m */,
				664056F11DF955A4002FC462 /* HP-Prefix.pch */,
			);
			name = "Supporting Files";
			sourceTree = "<group>";
		};
		664056D71DF952C1002FC462 /* HiPDATests */ = {
			isa = PBXGroup;
			children = (
				664056D81DF952C1002FC462 /* HiPDATests.m */,
				664056DA1DF952C1002FC462 /* Info.plist */,
			);
			path = HiPDATests;
			sourceTree = "<group>";
		};
		664056E21DF952C1002FC462 /* HiPDAUITests */ = {
			isa = PBXGroup;
			children = (
				664056E31DF952C1002FC462 /* HiPDAUITests.m */,
				664056E51DF952C1002FC462 /* Info.plist */,
			);
			path = HiPDAUITests;
			sourceTree = "<group>";
		};
		664056F21DF95DD8002FC462 /* Model */ = {
			isa = PBXGroup;
			children = (
			);
			path = Model;
			sourceTree = "<group>";
		};
		664056F31DF95DE3002FC462 /* ViewModel */ = {
			isa = PBXGroup;
			children = (
			);
			path = ViewModel;
			sourceTree = "<group>";
		};
		664056F41DF95E12002FC462 /* View */ = {
			isa = PBXGroup;
			children = (
			);
			path = View;
			sourceTree = "<group>";
		};
		664056F51DF95E23002FC462 /* Controller */ = {
			isa = PBXGroup;
			children = (
			);
			path = Controller;
			sourceTree = "<group>";
		};
		664056F61DF95EBF002FC462 /* Util */ = {
			isa = PBXGroup;
			children = (
				664056FD1DF95FD0002FC462 /* Manager */,
				664056FC1DF95FC1002FC462 /* Common */,
				664056FB1DF95F7E002FC462 /* Category */,
				664056FA1DF95F77002FC462 /* Base */,
			);
			path = Util;
			sourceTree = "<group>";
		};
		664056F71DF95ED4002FC462 /* Resource */ = {
			isa = PBXGroup;
			children = (
				664056F81DF95EE8002FC462 /* Image */,
			);
			path = Resource;
			sourceTree = "<group>";
		};
		664056F81DF95EE8002FC462 /* Image */ = {
			isa = PBXGroup;
			children = (
			);
			path = Image;
			sourceTree = "<group>";
		};
		664056F91DF95EF8002FC462 /* Vendor */ = {
			isa = PBXGroup;
			children = (
			);
			path = Vendor;
			sourceTree = "<group>";
		};
		664056FA1DF95F77002FC462 /* Base */ = {
			isa = PBXGroup;
			children = (
				664056FE1DF97025002FC462 /* XEJModelProtocol.h */,
				664056FF1DF97053002FC462 /* XEJModel.h */,
				664057001DF97053002FC462 /* XEJModel.m */,
				664057021DF970C0002FC462 /* XEJViewModelProtocol.h */,
				664057031DF970D2002FC462 /* XEJViewModel.h */,
				664057041DF970D2002FC462 /* XEJViewModel.m */,
				664057061DF973DD002FC462 /* XEJViewProtocol.h */,
				664057071DF974B1002FC462 /* XEJView.h */,
				664057081DF974B1002FC462 /* XEJView.m */,
				6640570A1DF9788F002FC462 /* XEJViewControllerProtocol.h */,
				6640570B1DF97A12002FC462 /* XEJViewController.h */,
				6640570C1DF97A12002FC462 /* XEJViewController.m */,
			);
			path = Base;
			sourceTree = "<group>";
		};
		664056FB1DF95F7E002FC462 /* Category */ = {
			isa = PBXGroup;
			children = (
			);
			path = Category;
			sourceTree = "<group>";
		};
		664056FC1DF95FC1002FC462 /* Common */ = {
			isa = PBXGroup;
			children = (
			);
			path = Common;
			sourceTree = "<group>";
		};
		664056FD1DF95FD0002FC462 /* Manager */ = {
			isa = PBXGroup;
			children = (
			);
			path = Manager;
			sourceTree = "<group>";
		};
/* End PBXGroup section */

/* Begin PBXNativeTarget section */
		664056BA1DF952C1002FC462 /* HiPDA */ = {
			isa = PBXNativeTarget;
			buildConfigurationList = 664056E81DF952C1002FC462 /* Build configuration list for PBXNativeTarget "HiPDA" */;
			buildPhases = (
				664056B71DF952C1002FC462 /* Sources */,
				664056B81DF952C1002FC462 /* Frameworks */,
				664056B91DF952C1002FC462 /* Resources */,
			);
			buildRules = (
			);
			dependencies = (
			);
			name = HiPDA;
			productName = HiPDA;
			productReference = 664056BB1DF952C1002FC462 /* HiPDA.app */;
			productType = "com.apple.product-type.application";
		};
		664056D31DF952C1002FC462 /* HiPDATests */ = {
			isa = PBXNativeTarget;
			buildConfigurationList = 664056EB1DF952C1002FC462 /* Build configuration list for PBXNativeTarget "HiPDATests" */;
			buildPhases = (
				664056D01DF952C1002FC462 /* Sources */,
				664056D11DF952C1002FC462 /* Frameworks */,
				664056D21DF952C1002FC462 /* Resources */,
			);
			buildRules = (
			);
			dependencies = (
				664056D61DF952C1002FC462 /* PBXTargetDependency */,
			);
			name = HiPDATests;
			productName = HiPDATests;
			productReference = 664056D41DF952C1002FC462 /* HiPDATests.xctest */;
			productType = "com.apple.product-type.bundle.unit-test";
		};
		664056DE1DF952C1002FC462 /* HiPDAUITests */ = {
			isa = PBXNativeTarget;
			buildConfigurationList = 664056EE1DF952C1002FC462 /* Build configuration list for PBXNativeTarget "HiPDAUITests" */;
			buildPhases = (
				664056DB1DF952C1002FC462 /* Sources */,
				664056DC1DF952C1002FC462 /* Frameworks */,
				664056DD1DF952C1002FC462 /* Resources */,
			);
			buildRules = (
			);
			dependencies = (
				664056E11DF952C1002FC462 /* PBXTargetDependency */,
			);
			name = HiPDAUITests;
			productName = HiPDAUITests;
			productReference = 664056DF1DF952C1002FC462 /* HiPDAUITests.xctest */;
			productType = "com.apple.product-type.bundle.ui-testing";
		};
/* End PBXNativeTarget section */

/* Begin PBXProject section */
		664056B31DF952C1002FC462 /* Project object */ = {
			isa = PBXProject;
			attributes = {
				CLASSPREFIX = XEJ;
				LastUpgradeCheck = 0730;
				ORGANIZATIONNAME = norlight;
				TargetAttributes = {
					664056BA1DF952C1002FC462 = {
						CreatedOnToolsVersion = 7.3.1;
						DevelopmentTeam = 8M8GUPR4R4;
					};
					664056D31DF952C1002FC462 = {
						CreatedOnToolsVersion = 7.3.1;
						DevelopmentTeam = 8M8GUPR4R4;
						TestTargetID = 664056BA1DF952C1002FC462;
					};
					664056DE1DF952C1002FC462 = {
						CreatedOnToolsVersion = 7.3.1;
						DevelopmentTeam = 8M8GUPR4R4;
						TestTargetID = 664056BA1DF952C1002FC462;
					};
				};
			};
			buildConfigurationList = 664056B61DF952C1002FC462 /* Build configuration list for PBXProject "HiPDA" */;
			compatibilityVersion = "Xcode 3.2";
			developmentRegion = English;
			hasScannedForEncodings = 0;
			knownRegions = (
				en,
				Base,
			);
			mainGroup = 664056B21DF952C1002FC462;
			productRefGroup = 664056BC1DF952C1002FC462 /* Products */;
			projectDirPath = "";
			projectRoot = "";
			targets = (
				664056BA1DF952C1002FC462 /* HiPDA */,
				664056D31DF952C1002FC462 /* HiPDATests */,
				664056DE1DF952C1002FC462 /* HiPDAUITests */,
			);
		};
/* End PBXProject section */

/* Begin PBXResourcesBuildPhase section */
		664056B91DF952C1002FC462 /* Resources */ = {
			isa = PBXResourcesBuildPhase;
			buildActionMask = 2147483647;
			files = (
				664056CE1DF952C1002FC462 /* LaunchScreen.storyboard in Resources */,
				664056CB1DF952C1002FC462 /* Assets.xcassets in Resources */,
			);
			runOnlyForDeploymentPostprocessing = 0;
		};
		664056D21DF952C1002FC462 /* Resources */ = {
			isa = PBXResourcesBuildPhase;
			buildActionMask = 2147483647;
			files = (
			);
			runOnlyForDeploymentPostprocessing = 0;
		};
		664056DD1DF952C1002FC462 /* Resources */ = {
			isa = PBXResourcesBuildPhase;
			buildActionMask = 2147483647;
			files = (
			);
			runOnlyForDeploymentPostprocessing = 0;
		};
/* End PBXResourcesBuildPhase section */

/* Begin PBXSourcesBuildPhase section */
		664056B71DF952C1002FC462 /* Sources */ = {
			isa = PBXSourcesBuildPhase;
			buildActionMask = 2147483647;
			files = (
				6640570D1DF97A12002FC462 /* XEJViewController.m in Sources */,
				664056C61DF952C1002FC462 /* ViewController.m in Sources */,
				664057011DF97053002FC462 /* XEJModel.m in Sources */,
				664057091DF974B1002FC462 /* XEJView.m in Sources */,
				664057051DF970D2002FC462 /* XEJViewModel.m in Sources */,
				664056C31DF952C1002FC462 /* AppDelegate.m in Sources */,
				664056C01DF952C1002FC462 /* main.m in Sources */,
			);
			runOnlyForDeploymentPostprocessing = 0;
		};
		664056D01DF952C1002FC462 /* Sources */ = {
			isa = PBXSourcesBuildPhase;
			buildActionMask = 2147483647;
			files = (
				664056D91DF952C1002FC462 /* HiPDATests.m in Sources */,
			);
			runOnlyForDeploymentPostprocessing = 0;
		};
		664056DB1DF952C1002FC462 /* Sources */ = {
			isa = PBXSourcesBuildPhase;
			buildActionMask = 2147483647;
			files = (
				664056E41DF952C1002FC462 /* HiPDAUITests.m in Sources */,
			);
			runOnlyForDeploymentPostprocessing = 0;
		};
/* End PBXSourcesBuildPhase section */

/* Begin PBXTargetDependency section */
		664056D61DF952C1002FC462 /* PBXTargetDependency */ = {
			isa = PBXTargetDependency;
			target = 664056BA1DF952C1002FC462 /* HiPDA */;
			targetProxy = 664056D51DF952C1002FC462 /* PBXContainerItemProxy */;
		};
		664056E11DF952C1002FC462 /* PBXTargetDependency */ = {
			isa = PBXTargetDependency;
			target = 664056BA1DF952C1002FC462 /* HiPDA */;
			targetProxy = 664056E01DF952C1002FC462 /* PBXContainerItemProxy */;
		};
/* End PBXTargetDependency section */

/* Begin PBXVariantGroup section */
		664056CC1DF952C1002FC462 /* LaunchScreen.storyboard */ = {
			isa = PBXVariantGroup;
			children = (
				664056CD1DF952C1002FC462 /* Base */,
			);
			name = LaunchScreen.storyboard;
			sourceTree = "<group>";
		};
/* End PBXVariantGroup section */

/* Begin XCBuildConfiguration section */
		664056E61DF952C1002FC462 /* Debug */ = {
			isa = XCBuildConfiguration;
			buildSettings = {
				ALWAYS_SEARCH_USER_PATHS = NO;
				CLANG_ANALYZER_NONNULL = YES;
				CLANG_CXX_LANGUAGE_STANDARD = "gnu++0x";
				CLANG_CXX_LIBRARY = "libc++";
				CLANG_ENABLE_MODULES = YES;
				CLANG_ENABLE_OBJC_ARC = YES;
				CLANG_WARN_BOOL_CONVERSION = YES;
				CLANG_WARN_CONSTANT_CONVERSION = YES;
				CLANG_WARN_DIRECT_OBJC_ISA_USAGE = YES_ERROR;
				CLANG_WARN_EMPTY_BODY = YES;
				CLANG_WARN_ENUM_CONVERSION = YES;
				CLANG_WARN_INT_CONVERSION = YES;
				CLANG_WARN_OBJC_ROOT_CLASS = YES_ERROR;
				CLANG_WARN_UNREACHABLE_CODE = YES;
				CLANG_WARN__DUPLICATE_METHOD_MATCH = YES;
				"CODE_SIGN_IDENTITY[sdk=iphoneos*]" = "iPhone Developer";
				COPY_PHASE_STRIP = NO;
				DEBUG_INFORMATION_FORMAT = dwarf;
				ENABLE_STRICT_OBJC_MSGSEND = YES;
				ENABLE_TESTABILITY = YES;
				GCC_C_LANGUAGE_STANDARD = gnu99;
				GCC_DYNAMIC_NO_PIC = NO;
				GCC_NO_COMMON_BLOCKS = YES;
				GCC_OPTIMIZATION_LEVEL = 0;
				GCC_PRECOMPILE_PREFIX_HEADER = YES;
				GCC_PREFIX_HEADER = "$(SRCROOT)/HiPDA/HP-Prefix.pch";
				GCC_PREPROCESSOR_DEFINITIONS = (
					"DEBUG=1",
					"$(inherited)",
				);
				GCC_WARN_64_TO_32_BIT_CONVERSION = YES;
				GCC_WARN_ABOUT_RETURN_TYPE = YES_ERROR;
				GCC_WARN_UNDECLARED_SELECTOR = YES;
				GCC_WARN_UNINITIALIZED_AUTOS = YES_AGGRESSIVE;
				GCC_WARN_UNUSED_FUNCTION = YES;
				GCC_WARN_UNUSED_VARIABLE = YES;
				IPHONEOS_DEPLOYMENT_TARGET = 8.0;
				MTL_ENABLE_DEBUG_INFO = YES;
				ONLY_ACTIVE_ARCH = YES;
				SDKROOT = iphoneos;
				TARGETED_DEVICE_FAMILY = "1,2";
			};
			name = Debug;
		};
		664056E71DF952C1002FC462 /* Release */ = {
			isa = XCBuildConfiguration;
			buildSettings = {
				ALWAYS_SEARCH_USER_PATHS = NO;
				CLANG_ANALYZER_NONNULL = YES;
				CLANG_CXX_LANGUAGE_STANDARD = "gnu++0x";
				CLANG_CXX_LIBRARY = "libc++";
				CLANG_ENABLE_MODULES = YES;
				CLANG_ENABLE_OBJC_ARC = YES;
				CLANG_WARN_BOOL_CONVERSION = YES;
				CLANG_WARN_CONSTANT_CONVERSION = YES;
				CLANG_WARN_DIRECT_OBJC_ISA_USAGE = YES_ERROR;
				CLANG_WARN_EMPTY_BODY = YES;
				CLANG_WARN_ENUM_CONVERSION = YES;
				CLANG_WARN_INT_CONVERSION = YES;
				CLANG_WARN_OBJC_ROOT_CLASS = YES_ERROR;
				CLANG_WARN_UNREACHABLE_CODE = YES;
				CLANG_WARN__DUPLICATE_METHOD_MATCH = YES;
				"CODE_SIGN_IDENTITY[sdk=iphoneos*]" = "iPhone Developer";
				COPY_PHASE_STRIP = NO;
				DEBUG_INFORMATION_FORMAT = "dwarf-with-dsym";
				ENABLE_NS_ASSERTIONS = NO;
				ENABLE_STRICT_OBJC_MSGSEND = YES;
				GCC_C_LANGUAGE_STANDARD = gnu99;
				GCC_NO_COMMON_BLOCKS = YES;
				GCC_PRECOMPILE_PREFIX_HEADER = YES;
				GCC_PREFIX_HEADER = "$(SRCROOT)/HiPDA/HP-Prefix.pch";
				GCC_WARN_64_TO_32_BIT_CONVERSION = YES;
				GCC_WARN_ABOUT_RETURN_TYPE = YES_ERROR;
				GCC_WARN_UNDECLARED_SELECTOR = YES;
				GCC_WARN_UNINITIALIZED_AUTOS = YES_AGGRESSIVE;
				GCC_WARN_UNUSED_FUNCTION = YES;
				GCC_WARN_UNUSED_VARIABLE = YES;
				IPHONEOS_DEPLOYMENT_TARGET = 8.0;
				MTL_ENABLE_DEBUG_INFO = NO;
				SDKROOT = iphoneos;
				TARGETED_DEVICE_FAMILY = "1,2";
				VALIDATE_PRODUCT = YES;
			};
			name = Release;
		};
		664056E91DF952C1002FC462 /* Debug */ = {
			isa = XCBuildConfiguration;
			buildSettings = {
				ASSETCATALOG_COMPILER_APPICON_NAME = AppIcon;
				INFOPLIST_FILE = HiPDA/Info.plist;
				LD_RUNPATH_SEARCH_PATHS = "$(inherited) @executable_path/Frameworks";
				PRODUCT_BUNDLE_IDENTIFIER = ej.HiPDA;
				PRODUCT_NAME = "$(TARGET_NAME)";
			};
			name = Debug;
		};
		664056EA1DF952C1002FC462 /* Release */ = {
			isa = XCBuildConfiguration;
			buildSettings = {
				ASSETCATALOG_COMPILER_APPICON_NAME = AppIcon;
				INFOPLIST_FILE = HiPDA/Info.plist;
				LD_RUNPATH_SEARCH_PATHS = "$(inherited) @executable_path/Frameworks";
				PRODUCT_BUNDLE_IDENTIFIER = ej.HiPDA;
				PRODUCT_NAME = "$(TARGET_NAME)";
			};
			name = Release;
		};
		664056EC1DF952C1002FC462 /* Debug */ = {
			isa = XCBuildConfiguration;
			buildSettings = {
				BUNDLE_LOADER = "$(TEST_HOST)";
				INFOPLIST_FILE = HiPDATests/Info.plist;
				LD_RUNPATH_SEARCH_PATHS = "$(inherited) @executable_path/Frameworks @loader_path/Frameworks";
				PRODUCT_BUNDLE_IDENTIFIER = ej.HiPDATests;
				PRODUCT_NAME = "$(TARGET_NAME)";
				TEST_HOST = "$(BUILT_PRODUCTS_DIR)/HiPDA.app/HiPDA";
			};
			name = Debug;
		};
		664056ED1DF952C1002FC462 /* Release */ = {
			isa = XCBuildConfiguration;
			buildSettings = {
				BUNDLE_LOADER = "$(TEST_HOST)";
				INFOPLIST_FILE = HiPDATests/Info.plist;
				LD_RUNPATH_SEARCH_PATHS = "$(inherited) @executable_path/Frameworks @loader_path/Frameworks";
				PRODUCT_BUNDLE_IDENTIFIER = ej.HiPDATests;
				PRODUCT_NAME = "$(TARGET_NAME)";
				TEST_HOST = "$(BUILT_PRODUCTS_DIR)/HiPDA.app/HiPDA";
			};
			name = Release;
		};
		664056EF1DF952C1002FC462 /* Debug */ = {
			isa = XCBuildConfiguration;
			buildSettings = {
				INFOPLIST_FILE = HiPDAUITests/Info.plist;
				LD_RUNPATH_SEARCH_PATHS = "$(inherited) @executable_path/Frameworks @loader_path/Frameworks";
				PRODUCT_BUNDLE_IDENTIFIER = ej.HiPDAUITests;
				PRODUCT_NAME = "$(TARGET_NAME)";
				TEST_TARGET_NAME = HiPDA;
			};
			name = Debug;
		};
		664056F01DF952C1002FC462 /* Release */ = {
			isa = XCBuildConfiguration;
			buildSettings = {
				INFOPLIST_FILE = HiPDAUITests/Info.plist;
				LD_RUNPATH_SEARCH_PATHS = "$(inherited) @executable_path/Frameworks @loader_path/Frameworks";
				PRODUCT_BUNDLE_IDENTIFIER = ej.HiPDAUITests;
				PRODUCT_NAME = "$(TARGET_NAME)";
				TEST_TARGET_NAME = HiPDA;
			};
			name = Release;
		};
/* End XCBuildConfiguration section */

/* Begin XCConfigurationList section */
		664056B61DF952C1002FC462 /* Build configuration list for PBXProject "HiPDA" */ = {
			isa = XCConfigurationList;
			buildConfigurations = (
				664056E61DF952C1002FC462 /* Debug */,
				664056E71DF952C1002FC462 /* Release */,
			);
			defaultConfigurationIsVisible = 0;
			defaultConfigurationName = Release;
		};
		664056E81DF952C1002FC462 /* Build configuration list for PBXNativeTarget "HiPDA" */ = {
			isa = XCConfigurationList;
			buildConfigurations = (
				664056E91DF952C1002FC462 /* Debug */,
				664056EA1DF952C1002FC462 /* Release */,
			);
			defaultConfigurationIsVisible = 0;
			defaultConfigurationName = Release;
		};
		664056EB1DF952C1002FC462 /* Build configuration list for PBXNativeTarget "HiPDATests" */ = {
			isa = XCConfigurationList;
			buildConfigurations = (
				664056EC1DF952C1002FC462 /* Debug */,
				664056ED1DF952C1002FC462 /* Release */,
			);
			defaultConfigurationIsVisible = 0;
			defaultConfigurationName = Release;
		};
		664056EE1DF952C1002FC462 /* Build configuration list for PBXNativeTarget "HiPDAUITests" */ = {
			isa = XCConfigurationList;
			buildConfigurations = (
				664056EF1DF952C1002FC462 /* Debug */,
				664056F01DF952C1002FC462 /* Release */,
			);
			defaultConfigurationIsVisible = 0;
			defaultConfigurationName = Release;
		};
/* End XCConfigurationList section */
	};
	rootObject = 664056B31DF952C1002FC462 /* Project object */;
}
